// !$*UTF8*$!
{
	archiveVersion = 1;
	classes = {
	};
	objectVersion = 46;
	objects = {

/* Begin PBXBuildFile section */
		0EC3D1BC77C946278025727A /* libPods.a in Frameworks */ = {isa = PBXBuildFile; fileRef = 0AEC54415FE547A0B83EF926 /* libPods.a */; };
		1405136D17465CD700345B1D /* EasyBus.xcdatamodeld in Sources */ = {isa = PBXBuildFile; fileRef = 1405136B17465CD700345B1D /* EasyBus.xcdatamodeld */; };
		140513751746798B00345B1D /* CoreData.framework in Frameworks */ = {isa = PBXBuildFile; fileRef = 140513741746798B00345B1D /* CoreData.framework */; };
		1407D6781649B0EE002F37AD /* DirectionViewController.m in Resources */ = {isa = PBXBuildFile; fileRef = 1407D6771649B0EE002F37AD /* DirectionViewController.m */; };
		1407D67B1649B648002F37AD /* DirectionViewController.h in Sources */ = {isa = PBXBuildFile; fileRef = 1407D67A1649B107002F37AD /* DirectionViewController.h */; };
		140AA0D318281C78008EFF54 /* NSObject+AsyncPerformBlock.m in Sources */ = {isa = PBXBuildFile; fileRef = 14E128A51813E5310034226A /* NSObject+AsyncPerformBlock.m */; };
		140AA0DF18283801008EFF54 /* MenuViewController.m in Sources */ = {isa = PBXBuildFile; fileRef = 140AA0DE18283801008EFF54 /* MenuViewController.m */; };
		140AA0E2182968FA008EFF54 /* RevealViewController.m in Sources */ = {isa = PBXBuildFile; fileRef = 140AA0E1182968FA008EFF54 /* RevealViewController.m */; };
		140C799517F6C4C1007184C7 /* IoCModule.m in Sources */ = {isa = PBXBuildFile; fileRef = 140C799417F6C4C1007184C7 /* IoCModule.m */; };
		140EA4E4163D8C7B00FB4A85 /* StopsCsvReader.m in Sources */ = {isa = PBXBuildFile; fileRef = 140EA4E3163D8C7B00FB4A85 /* StopsCsvReader.m */; };
		140EA4E6163D8C8200FB4A85 /* StopsCsvReader.h in Sources */ = {isa = PBXBuildFile; fileRef = 140EA4E2163D8C7B00FB4A85 /* StopsCsvReader.h */; };
		140EA4F2163D94E400FB4A85 /* StopsCsvReaderTest.m in Sources */ = {isa = PBXBuildFile; fileRef = 140EA4F1163D94E400FB4A85 /* StopsCsvReaderTest.m */; };
		140EA84F163DBD5900FB4A85 /* StopsViewController.m in Sources */ = {isa = PBXBuildFile; fileRef = 140EA84E163DBD5900FB4A85 /* StopsViewController.m */; };
		140EA850163F125600FB4A85 /* StopsViewController.h in Sources */ = {isa = PBXBuildFile; fileRef = 140EA84D163DBD5800FB4A85 /* StopsViewController.h */; };
		14148B94180AC32C005DDAF9 /* GtfsDownloadManagerTest.m in Sources */ = {isa = PBXBuildFile; fileRef = 14148B93180AC32C005DDAF9 /* GtfsDownloadManagerTest.m */; };
		14148BA3180E64A6005DDAF9 /* GtfsDownloadManager.m in Sources */ = {isa = PBXBuildFile; fileRef = 1404E1A01805BD1D005026C2 /* GtfsDownloadManager.m */; };
		14148BAA18105A5B005DDAF9 /* XCTest.framework in Frameworks */ = {isa = PBXBuildFile; fileRef = 14148B96180AC634005DDAF9 /* XCTest.framework */; };
		1414E1AA166DD7230013E9A1 /* arrow.png in Resources */ = {isa = PBXBuildFile; fileRef = 1414E1A9166DD7230013E9A1 /* arrow.png */; };
		1414E1AD166E6F380013E9A1 /* NoDepartureCell.m in Sources */ = {isa = PBXBuildFile; fileRef = 1414E1AC166E6F380013E9A1 /* NoDepartureCell.m */; };
		141EDDFD177B4807005DDC8C /* RoutesCsvReaderTest.m in Sources */ = {isa = PBXBuildFile; fileRef = 141EDDFC177B4807005DDC8C /* RoutesCsvReaderTest.m */; };
		141EDDFE177B535A005DDC8C /* CoreData.framework in Frameworks */ = {isa = PBXBuildFile; fileRef = 140513741746798B00345B1D /* CoreData.framework */; };
		142340DA162E0ABA0095073C /* Depart.m in Sources */ = {isa = PBXBuildFile; fileRef = 142340D9162E0ABA0095073C /* Depart.m */; };
		143A3F4F16810C6300EEC39B /* PageViewControllerDatasource.m in Sources */ = {isa = PBXBuildFile; fileRef = 143A3F4E16810C6300EEC39B /* PageViewControllerDatasource.m */; };
		143A3F51168111B700EEC39B /* PageViewControllerDatasource.h in Sources */ = {isa = PBXBuildFile; fileRef = 143A3F4D16810C6300EEC39B /* PageViewControllerDatasource.h */; };
		14405C8B182173FD00843B20 /* Route.m in Sources */ = {isa = PBXBuildFile; fileRef = 14405C8A182173FD00843B20 /* Route.m */; };
		14405C91182175BF00843B20 /* StaticDataLoaderTest.m in Sources */ = {isa = PBXBuildFile; fileRef = 14405C90182175BF00843B20 /* StaticDataLoaderTest.m */; };
		146161BE182A220C0012A1CE /* menu-icon.png in Resources */ = {isa = PBXBuildFile; fileRef = 146161BD182A220C0012A1CE /* menu-icon.png */; };
		146161C3182AAA860012A1CE /* DeparturesTableViewController.m in Sources */ = {isa = PBXBuildFile; fileRef = 146161C2182AAA860012A1CE /* DeparturesTableViewController.m */; };
		146161C6182B70AC0012A1CE /* LinesNavigationController.m in Sources */ = {isa = PBXBuildFile; fileRef = 146161C5182B70AC0012A1CE /* LinesNavigationController.m */; };
		146161CC182C160B0012A1CE /* Constants.m in Sources */ = {isa = PBXBuildFile; fileRef = 146161CB182C160B0012A1CE /* Constants.m */; };
		146161D118310F520012A1CE /* mentions.html in Resources */ = {isa = PBXBuildFile; fileRef = 146161D018310F520012A1CE /* mentions.html */; };
		146161D51831120C0012A1CE /* CreditsWebViewController.m in Sources */ = {isa = PBXBuildFile; fileRef = 146161D41831120C0012A1CE /* CreditsWebViewController.m */; };
		146CC04218181F2B005A7F66 /* gtfsUpdateFeed.xml in Resources */ = {isa = PBXBuildFile; fileRef = 146CC04018181F2B005A7F66 /* gtfsUpdateFeed.xml */; };
		146CC04518181FDA005A7F66 /* GTFS.zip in Resources */ = {isa = PBXBuildFile; fileRef = 146CC04318181FDA005A7F66 /* GTFS.zip */; };
		147168A1180086F200846AE6 /* RouteStop.m in Sources */ = {isa = PBXBuildFile; fileRef = 147168A0180086F200846AE6 /* RouteStop.m */; };
		147168A71801A38000846AE6 /* DataLoaderViewController.m in Sources */ = {isa = PBXBuildFile; fileRef = 147168A61801A38000846AE6 /* DataLoaderViewController.m */; };
		147168AD1801C9F100846AE6 /* Group.m in Sources */ = {isa = PBXBuildFile; fileRef = 147168AC1801C9F100846AE6 /* Group.m */; };
		147168B61801C9F200846AE6 /* Favorite.m in Sources */ = {isa = PBXBuildFile; fileRef = 147168B51801C9F200846AE6 /* Favorite.m */; };
		147480041663D4DC0091FF49 /* PageViewController.m in Sources */ = {isa = PBXBuildFile; fileRef = 147480031663D4DC0091FF49 /* PageViewController.m */; };
		14776D85174251DE008C7E2E /* libz.1.2.5.dylib in Frameworks */ = {isa = PBXBuildFile; fileRef = 14776D84174251DE008C7E2E /* libz.1.2.5.dylib */; };
		14776DD417427271008C7E2E /* libz.1.2.5.dylib in Frameworks */ = {isa = PBXBuildFile; fileRef = 14776D84174251DE008C7E2E /* libz.1.2.5.dylib */; };
		147C342C166A05A8008FE719 /* UIButtonBarRefresh.png in Resources */ = {isa = PBXBuildFile; fileRef = 147C342A166A05A8008FE719 /* UIButtonBarRefresh.png */; };
		147C342D166A05A8008FE719 /* UIButtonBarRefresh@2x.png in Resources */ = {isa = PBXBuildFile; fileRef = 147C342B166A05A8008FE719 /* UIButtonBarRefresh@2x.png */; };
		1483084A17DCF046006584C3 /* Group+GroupeWithAdditions.m in Sources */ = {isa = PBXBuildFile; fileRef = 1483084917DCF046006584C3 /* Group+GroupeWithAdditions.m */; };
		149D4ED818314CD400A19117 /* routes.txt in Resources */ = {isa = PBXBuildFile; fileRef = 149D4ED418314CD400A19117 /* routes.txt */; };
		149D4ED918314CD400A19117 /* stop_times.txt in Resources */ = {isa = PBXBuildFile; fileRef = 149D4ED518314CD400A19117 /* stop_times.txt */; };
		149D4EDA18314CD400A19117 /* stops.txt in Resources */ = {isa = PBXBuildFile; fileRef = 149D4ED618314CD400A19117 /* stops.txt */; };
		149D4EDB18314CD400A19117 /* trips.txt in Resources */ = {isa = PBXBuildFile; fileRef = 149D4ED718314CD400A19117 /* trips.txt */; };
		149D4EDC18314CD900A19117 /* routes.txt in Resources */ = {isa = PBXBuildFile; fileRef = 149D4ED418314CD400A19117 /* routes.txt */; };
		149D4EDD18314CD900A19117 /* stop_times.txt in Resources */ = {isa = PBXBuildFile; fileRef = 149D4ED518314CD400A19117 /* stop_times.txt */; };
		149D4EDE18314CD900A19117 /* stops.txt in Resources */ = {isa = PBXBuildFile; fileRef = 149D4ED618314CD400A19117 /* stops.txt */; };
		149D4EDF18314CD900A19117 /* trips.txt in Resources */ = {isa = PBXBuildFile; fileRef = 149D4ED718314CD400A19117 /* trips.txt */; };
		149D4EE118314D1700A19117 /* routes_additionals.txt in Resources */ = {isa = PBXBuildFile; fileRef = 149D4EE018314D1700A19117 /* routes_additionals.txt */; };
		149D4EE218314D1700A19117 /* routes_additionals.txt in Resources */ = {isa = PBXBuildFile; fileRef = 149D4EE018314D1700A19117 /* routes_additionals.txt */; };
		149D4EE51831600300A19117 /* Stop.m in Sources */ = {isa = PBXBuildFile; fileRef = 149D4EE41831600300A19117 /* Stop.m */; };
		149D4EE61831600300A19117 /* Stop.m in Sources */ = {isa = PBXBuildFile; fileRef = 149D4EE41831600300A19117 /* Stop.m */; };
		149DF05D163B2A78002D9D79 /* RoutesCsvReader.m in Sources */ = {isa = PBXBuildFile; fileRef = 149DF05C163B2A78002D9D79 /* RoutesCsvReader.m */; };
		14A3E669181D8BD500C7D6FE /* Default@2x.png in Resources */ = {isa = PBXBuildFile; fileRef = 14A3E667181D8BD500C7D6FE /* Default@2x.png */; };
		14A3E66A181D8BD500C7D6FE /* Default-568h@2x.png in Resources */ = {isa = PBXBuildFile; fileRef = 14A3E668181D8BD500C7D6FE /* Default-568h@2x.png */; };
		14A3E66E181DA22400C7D6FE /* icon120@2x.png in Resources */ = {isa = PBXBuildFile; fileRef = 14A3E66C181DA22400C7D6FE /* icon120@2x.png */; };
		14A3E672181DA4D400C7D6FE /* icon.png in Resources */ = {isa = PBXBuildFile; fileRef = 14A3E671181DA4D400C7D6FE /* icon.png */; };
		14A3E674181DA51100C7D6FE /* icon80@2x.png in Resources */ = {isa = PBXBuildFile; fileRef = 14A3E673181DA51100C7D6FE /* icon80@2x.png */; };
		14A3E676181DA54200C7D6FE /* icon58@2x.png in Resources */ = {isa = PBXBuildFile; fileRef = 14A3E675181DA54200C7D6FE /* icon58@2x.png */; };
		14A540FF17773E0700E18262 /* StaticDataManagerTest.m in Sources */ = {isa = PBXBuildFile; fileRef = 14A540FE17773E0700E18262 /* StaticDataManagerTest.m */; };
		14A7B4DD1781E80B002A46FD /* StaticDataLoader.m in Sources */ = {isa = PBXBuildFile; fileRef = 14A7B4DC1781E80B002A46FD /* StaticDataLoader.m */; };
		14A8AA601660FED300394FC2 /* DepartureCell.h in Sources */ = {isa = PBXBuildFile; fileRef = 14CF4345165FEA3400834A23 /* DepartureCell.h */; };
		14AD3C10162AF00400DF061A /* UIKit.framework in Frameworks */ = {isa = PBXBuildFile; fileRef = 14AD3C0F162AF00400DF061A /* UIKit.framework */; };
		14AD3C12162AF00400DF061A /* Foundation.framework in Frameworks */ = {isa = PBXBuildFile; fileRef = 14AD3C11162AF00400DF061A /* Foundation.framework */; };
		14AD3C14162AF00400DF061A /* CoreGraphics.framework in Frameworks */ = {isa = PBXBuildFile; fileRef = 14AD3C13162AF00400DF061A /* CoreGraphics.framework */; };
		14AD3C1A162AF00400DF061A /* InfoPlist.strings in Resources */ = {isa = PBXBuildFile; fileRef = 14AD3C18162AF00400DF061A /* InfoPlist.strings */; };
		14AD3C1C162AF00400DF061A /* main.m in Sources */ = {isa = PBXBuildFile; fileRef = 14AD3C1B162AF00400DF061A /* main.m */; };
		14AD3C20162AF00400DF061A /* AppDelegate.m in Sources */ = {isa = PBXBuildFile; fileRef = 14AD3C1F162AF00400DF061A /* AppDelegate.m */; };
		14AD3C22162AF00400DF061A /* Default.png in Resources */ = {isa = PBXBuildFile; fileRef = 14AD3C21162AF00400DF061A /* Default.png */; };
		14AD3C29162AF00400DF061A /* MainStoryboard.storyboard in Resources */ = {isa = PBXBuildFile; fileRef = 14AD3C27162AF00400DF061A /* MainStoryboard.storyboard */; };
		14AD3C2F162AF00400DF061A /* LinesViewController.m in Sources */ = {isa = PBXBuildFile; fileRef = 14AD3C2E162AF00400DF061A /* LinesViewController.m */; };
		14AD3C38162AF00400DF061A /* UIKit.framework in Frameworks */ = {isa = PBXBuildFile; fileRef = 14AD3C0F162AF00400DF061A /* UIKit.framework */; };
		14AD3C39162AF00400DF061A /* Foundation.framework in Frameworks */ = {isa = PBXBuildFile; fileRef = 14AD3C11162AF00400DF061A /* Foundation.framework */; };
		14ADC8F91649C5D700B50FA2 /* AppDelegate.h in Sources */ = {isa = PBXBuildFile; fileRef = 14AD3C1E162AF00400DF061A /* AppDelegate.h */; };
		14ADC8FC1649C5D700B50FA2 /* LinesViewController.h in Sources */ = {isa = PBXBuildFile; fileRef = 14AD3C2D162AF00400DF061A /* LinesViewController.h */; };
		14ADC8FD1649C5D700B50FA2 /* DirectionViewController.m in Sources */ = {isa = PBXBuildFile; fileRef = 1407D6771649B0EE002F37AD /* DirectionViewController.m */; };
		14B1F88A17D1C7BC009AE1FB /* Route+RouteWithAdditions.m in Sources */ = {isa = PBXBuildFile; fileRef = 14B1F88917D1C7BC009AE1FB /* Route+RouteWithAdditions.m */; };
		14B1F88D17D1D2ED009AE1FB /* Favorite+FavoriteWithAdditions.m in Sources */ = {isa = PBXBuildFile; fileRef = 14B1F88C17D1D2ED009AE1FB /* Favorite+FavoriteWithAdditions.m */; };
		14B42DC61656BD5D0070AA9D /* Depart.h in Sources */ = {isa = PBXBuildFile; fileRef = 142340D8162E0ABA0095073C /* Depart.h */; };
		14B42DC71656BD5D0070AA9D /* DeparturesViewController.h in Sources */ = {isa = PBXBuildFile; fileRef = 14C2BFAD164FE2E5006E3952 /* DeparturesViewController.h */; };
		14B42DD01656BF090070AA9D /* FavoritesViewController.m in Sources */ = {isa = PBXBuildFile; fileRef = 14B42DCF1656BF090070AA9D /* FavoritesViewController.m */; };
		14B8B84C17FB3C4E003270B1 /* IoCModuleTest.m in Sources */ = {isa = PBXBuildFile; fileRef = 14B8B84A17FB3C1F003270B1 /* IoCModuleTest.m */; };
		14B90CB9181C40CD00F6FF73 /* GTFS.zip in Resources */ = {isa = PBXBuildFile; fileRef = 146CC04318181FDA005A7F66 /* GTFS.zip */; };
		14B90CBA181C40D100F6FF73 /* getbusnextdepartures.xml in Resources */ = {isa = PBXBuildFile; fileRef = 14E128BD18145C6F0034226A /* getbusnextdepartures.xml */; };
		14B90CBB181C40D500F6FF73 /* gtfsUpdateFeed.xml in Resources */ = {isa = PBXBuildFile; fileRef = 146CC04018181F2B005A7F66 /* gtfsUpdateFeed.xml */; };
		14B90CBC181C40D800F6FF73 /* gtfsUpdateFeedError in Resources */ = {isa = PBXBuildFile; fileRef = 14EEF35B181BC8BA00C1C061 /* gtfsUpdateFeedError */; };
		14C2BFAF164FE2E5006E3952 /* DeparturesViewController.m in Sources */ = {isa = PBXBuildFile; fileRef = 14C2BFAE164FE2E5006E3952 /* DeparturesViewController.m */; };
		14C2E545168884B200E8A2FB /* LocationManagerTest.m in Sources */ = {isa = PBXBuildFile; fileRef = 14C2E544168884B200E8A2FB /* LocationManagerTest.m */; };
		14C2E547168B599600E8A2FB /* CoreLocation.framework in Frameworks */ = {isa = PBXBuildFile; fileRef = 14EF87ED167BC47D0058607C /* CoreLocation.framework */; };
		14CF430916597FA500834A23 /* FavoriteCell.m in Sources */ = {isa = PBXBuildFile; fileRef = 14CF430816597FA500834A23 /* FavoriteCell.m */; };
		14CF4311165BFF4000834A23 /* FavoritesManager.m in Sources */ = {isa = PBXBuildFile; fileRef = 14CF4310165BFF4000834A23 /* FavoritesManager.m */; };
		14CF431E165C1CCB00834A23 /* FavoritesManagerTest.m in Sources */ = {isa = PBXBuildFile; fileRef = 14CF431D165C1CCB00834A23 /* FavoritesManagerTest.m */; };
		14CF4321165C25A600834A23 /* DeparturesManager.m in Sources */ = {isa = PBXBuildFile; fileRef = 14CF4320165C25A600834A23 /* DeparturesManager.m */; };
		14CF4324165C2CB300834A23 /* DeparturesManagerTest.m in Sources */ = {isa = PBXBuildFile; fileRef = 14CF4323165C2CB300834A23 /* DeparturesManagerTest.m */; };
		14CF432D165CDD3D00834A23 /* StaticDataManager.m in Sources */ = {isa = PBXBuildFile; fileRef = 14CF432C165CDD3D00834A23 /* StaticDataManager.m */; };
		14CF4334165EB10500834A23 /* LineCell.m in Sources */ = {isa = PBXBuildFile; fileRef = 14CF4333165EB10500834A23 /* LineCell.m */; };
		14CF4337165EB2C600834A23 /* DirectionCell.m in Sources */ = {isa = PBXBuildFile; fileRef = 14CF4336165EB2C500834A23 /* DirectionCell.m */; };
		14CF433C165EB41200834A23 /* DirectionCell.h in Sources */ = {isa = PBXBuildFile; fileRef = 14CF4335165EB2C500834A23 /* DirectionCell.h */; };
		14CF433D165EB41700834A23 /* LineCell.h in Sources */ = {isa = PBXBuildFile; fileRef = 14CF4332165EB10500834A23 /* LineCell.h */; };
		14CF433E165EB42000834A23 /* FavoriteCell.h in Sources */ = {isa = PBXBuildFile; fileRef = 14CF430716597FA500834A23 /* FavoriteCell.h */; };
		14CF4341165EB44400834A23 /* StopCell.m in Sources */ = {isa = PBXBuildFile; fileRef = 14CF4340165EB44400834A23 /* StopCell.m */; };
		14CF4347165FEA3400834A23 /* DepartureCell.m in Sources */ = {isa = PBXBuildFile; fileRef = 14CF4346165FEA3400834A23 /* DepartureCell.m */; };
		14DDB95A17FC70BF000D1C5E /* TripsCsvReader.m in Sources */ = {isa = PBXBuildFile; fileRef = 14DDB95917FC70BF000D1C5E /* TripsCsvReader.m */; };
		14DDB95F17FC74CF000D1C5E /* TripsReaderTest.m in Sources */ = {isa = PBXBuildFile; fileRef = 14DDB95E17FC74CF000D1C5E /* TripsReaderTest.m */; };
		14DDB96E17FC7BEB000D1C5E /* StopTimesCsvReader.m in Sources */ = {isa = PBXBuildFile; fileRef = 14DDB96C17FC7BEB000D1C5E /* StopTimesCsvReader.m */; };
		14DDB97517FC802E000D1C5E /* StopTimesCsvReaderTest.m in Sources */ = {isa = PBXBuildFile; fileRef = 14DDB97217FC7D66000D1C5E /* StopTimesCsvReaderTest.m */; };
		14DDB98117FCA933000D1C5E /* StopTime.m in Sources */ = {isa = PBXBuildFile; fileRef = 14DDB98017FCA933000D1C5E /* StopTime.m */; };
		14DDB98417FCA933000D1C5E /* Trip.m in Sources */ = {isa = PBXBuildFile; fileRef = 14DDB98317FCA933000D1C5E /* Trip.m */; };
		14E128A21813E4F50034226A /* AsyncTestCase.m in Sources */ = {isa = PBXBuildFile; fileRef = 14E128A01813E4F50034226A /* AsyncTestCase.m */; };
		14E128A31813E4F50034226A /* AsyncTestCaseTest.m in Sources */ = {isa = PBXBuildFile; fileRef = 14E128A11813E4F50034226A /* AsyncTestCaseTest.m */; };
		14E128AB181447810034226A /* NSURLProtocolStub.m in Sources */ = {isa = PBXBuildFile; fileRef = 14E128A9181447810034226A /* NSURLProtocolStub.m */; };
		14E128BE18145C6F0034226A /* getbusnextdepartures.xml in Resources */ = {isa = PBXBuildFile; fileRef = 14E128BD18145C6F0034226A /* getbusnextdepartures.xml */; };
		14E2AD7517D214E700ED4546 /* MainViewController.m in Sources */ = {isa = PBXBuildFile; fileRef = 14E2AD7417D214E700ED4546 /* MainViewController.m */; };
		14E2AD8317D64E2400ED4546 /* GroupeManagerTest.m in Sources */ = {isa = PBXBuildFile; fileRef = 14E2AD8217D64E2400ED4546 /* GroupeManagerTest.m */; };
		14E2ADC417D79ECF00ED4546 /* GroupManager.m in Sources */ = {isa = PBXBuildFile; fileRef = 14E2AD8017D64A9000ED4546 /* GroupManager.m */; };
		14E459041810695900E2401A /* GtfsPublishDataTmp.m in Sources */ = {isa = PBXBuildFile; fileRef = 14E459031810695900E2401A /* GtfsPublishDataTmp.m */; };
		14EEF354181AF41600C1C061 /* GtfsPublishData.m in Sources */ = {isa = PBXBuildFile; fileRef = 14EEF353181AF41600C1C061 /* GtfsPublishData.m */; };
		14EEF35C181BC8BA00C1C061 /* gtfsUpdateFeedError in Resources */ = {isa = PBXBuildFile; fileRef = 14EEF35B181BC8BA00C1C061 /* gtfsUpdateFeedError */; };
		14EF87EB167BBF370058607C /* LocationManager.m in Sources */ = {isa = PBXBuildFile; fileRef = 14EF87EA167BBF370058607C /* LocationManager.m */; };
		14EF87EC167BC3860058607C /* LocationManager.h in Sources */ = {isa = PBXBuildFile; fileRef = 14EF87E9167BBF370058607C /* LocationManager.h */; };
		14EF87EE167BC47D0058607C /* CoreLocation.framework in Frameworks */ = {isa = PBXBuildFile; fileRef = 14EF87ED167BC47D0058607C /* CoreLocation.framework */; };
		E15068B724C14E81AD7A0011 /* libPods-EasyBusTests.a in Frameworks */ = {isa = PBXBuildFile; fileRef = B81C3C036F434BBF8B37D73F /* libPods-EasyBusTests.a */; };
/* End PBXBuildFile section */

/* Begin PBXContainerItemProxy section */
		14AD3C3A162AF00400DF061A /* PBXContainerItemProxy */ = {
			isa = PBXContainerItemProxy;
			containerPortal = 14AD3C02162AF00400DF061A /* Project object */;
			proxyType = 1;
			remoteGlobalIDString = 14AD3C0A162AF00400DF061A;
			remoteInfo = EasyBus;
		};
/* End PBXContainerItemProxy section */

/* Begin PBXFileReference section */
		0AEC54415FE547A0B83EF926 /* libPods.a */ = {isa = PBXFileReference; explicitFileType = archive.ar; includeInIndex = 0; path = libPods.a; sourceTree = BUILT_PRODUCTS_DIR; };
		1404E19F1805BD1D005026C2 /* GtfsDownloadManager.h */ = {isa = PBXFileReference; fileEncoding = 4; lastKnownFileType = sourcecode.c.h; path = GtfsDownloadManager.h; sourceTree = "<group>"; };
		1404E1A01805BD1D005026C2 /* GtfsDownloadManager.m */ = {isa = PBXFileReference; fileEncoding = 4; lastKnownFileType = sourcecode.c.objc; path = GtfsDownloadManager.m; sourceTree = "<group>"; };
		1405136C17465CD700345B1D /* EasyBus.xcdatamodel */ = {isa = PBXFileReference; lastKnownFileType = wrapper.xcdatamodel; path = EasyBus.xcdatamodel; sourceTree = "<group>"; };
		140513741746798B00345B1D /* CoreData.framework */ = {isa = PBXFileReference; lastKnownFileType = wrapper.framework; name = CoreData.framework; path = System/Library/Frameworks/CoreData.framework; sourceTree = SDKROOT; };
		1407D6771649B0EE002F37AD /* DirectionViewController.m */ = {isa = PBXFileReference; fileEncoding = 4; lastKnownFileType = sourcecode.c.objc; path = DirectionViewController.m; sourceTree = "<group>"; };
		1407D67A1649B107002F37AD /* DirectionViewController.h */ = {isa = PBXFileReference; explicitFileType = sourcecode.c.objc; fileEncoding = 4; path = DirectionViewController.h; sourceTree = "<group>"; };
		140AA0DD18283801008EFF54 /* MenuViewController.h */ = {isa = PBXFileReference; fileEncoding = 4; lastKnownFileType = sourcecode.c.h; path = MenuViewController.h; sourceTree = "<group>"; };
		140AA0DE18283801008EFF54 /* MenuViewController.m */ = {isa = PBXFileReference; fileEncoding = 4; lastKnownFileType = sourcecode.c.objc; path = MenuViewController.m; sourceTree = "<group>"; };
		140AA0E0182968FA008EFF54 /* RevealViewController.h */ = {isa = PBXFileReference; fileEncoding = 4; lastKnownFileType = sourcecode.c.h; path = RevealViewController.h; sourceTree = "<group>"; };
		140AA0E1182968FA008EFF54 /* RevealViewController.m */ = {isa = PBXFileReference; fileEncoding = 4; lastKnownFileType = sourcecode.c.objc; path = RevealViewController.m; sourceTree = "<group>"; };
		140C799317F6C4C1007184C7 /* IoCModule.h */ = {isa = PBXFileReference; fileEncoding = 4; lastKnownFileType = sourcecode.c.h; path = IoCModule.h; sourceTree = "<group>"; };
		140C799417F6C4C1007184C7 /* IoCModule.m */ = {isa = PBXFileReference; fileEncoding = 4; lastKnownFileType = sourcecode.c.objc; path = IoCModule.m; sourceTree = "<group>"; };
		140EA4E2163D8C7B00FB4A85 /* StopsCsvReader.h */ = {isa = PBXFileReference; explicitFileType = sourcecode.c.objc; fileEncoding = 4; path = StopsCsvReader.h; sourceTree = "<group>"; };
		140EA4E3163D8C7B00FB4A85 /* StopsCsvReader.m */ = {isa = PBXFileReference; fileEncoding = 4; lastKnownFileType = sourcecode.c.objc; path = StopsCsvReader.m; sourceTree = "<group>"; };
		140EA4F1163D94E400FB4A85 /* StopsCsvReaderTest.m */ = {isa = PBXFileReference; fileEncoding = 4; lastKnownFileType = sourcecode.c.objc; path = StopsCsvReaderTest.m; sourceTree = "<group>"; };
		140EA84D163DBD5800FB4A85 /* StopsViewController.h */ = {isa = PBXFileReference; explicitFileType = sourcecode.c.objc; fileEncoding = 4; path = StopsViewController.h; sourceTree = "<group>"; };
		140EA84E163DBD5900FB4A85 /* StopsViewController.m */ = {isa = PBXFileReference; fileEncoding = 4; lastKnownFileType = sourcecode.c.objc; path = StopsViewController.m; sourceTree = "<group>"; };
		14148B93180AC32C005DDAF9 /* GtfsDownloadManagerTest.m */ = {isa = PBXFileReference; fileEncoding = 4; lastKnownFileType = sourcecode.c.objc; path = GtfsDownloadManagerTest.m; sourceTree = "<group>"; };
		14148B96180AC634005DDAF9 /* XCTest.framework */ = {isa = PBXFileReference; lastKnownFileType = wrapper.framework; name = XCTest.framework; path = Library/Frameworks/XCTest.framework; sourceTree = DEVELOPER_DIR; };
		1414E1A9166DD7230013E9A1 /* arrow.png */ = {isa = PBXFileReference; lastKnownFileType = image.png; path = arrow.png; sourceTree = "<group>"; };
		1414E1AB166E6F380013E9A1 /* NoDepartureCell.h */ = {isa = PBXFileReference; fileEncoding = 4; lastKnownFileType = sourcecode.c.h; path = NoDepartureCell.h; sourceTree = "<group>"; };
		1414E1AC166E6F380013E9A1 /* NoDepartureCell.m */ = {isa = PBXFileReference; fileEncoding = 4; lastKnownFileType = sourcecode.c.objc; path = NoDepartureCell.m; sourceTree = "<group>"; };
		141EDDE617776FFF005DDC8C /* RoutesCsvReader.h */ = {isa = PBXFileReference; fileEncoding = 4; lastKnownFileType = sourcecode.c.h; path = RoutesCsvReader.h; sourceTree = "<group>"; };
		141EDDFC177B4807005DDC8C /* RoutesCsvReaderTest.m */ = {isa = PBXFileReference; fileEncoding = 4; lastKnownFileType = sourcecode.c.objc; path = RoutesCsvReaderTest.m; sourceTree = "<group>"; };
		142340D8162E0ABA0095073C /* Depart.h */ = {isa = PBXFileReference; explicitFileType = sourcecode.c.objc; fileEncoding = 4; path = Depart.h; sourceTree = "<group>"; };
		142340D9162E0ABA0095073C /* Depart.m */ = {isa = PBXFileReference; fileEncoding = 4; lastKnownFileType = sourcecode.c.objc; path = Depart.m; sourceTree = "<group>"; };
		143A3F4D16810C6300EEC39B /* PageViewControllerDatasource.h */ = {isa = PBXFileReference; explicitFileType = sourcecode.c.objc; fileEncoding = 4; path = PageViewControllerDatasource.h; sourceTree = "<group>"; };
		143A3F4E16810C6300EEC39B /* PageViewControllerDatasource.m */ = {isa = PBXFileReference; fileEncoding = 4; lastKnownFileType = sourcecode.c.objc; path = PageViewControllerDatasource.m; sourceTree = "<group>"; };
		14405C89182173FD00843B20 /* Route.h */ = {isa = PBXFileReference; fileEncoding = 4; lastKnownFileType = sourcecode.c.h; path = Route.h; sourceTree = "<group>"; };
		14405C8A182173FD00843B20 /* Route.m */ = {isa = PBXFileReference; fileEncoding = 4; lastKnownFileType = sourcecode.c.objc; path = Route.m; sourceTree = "<group>"; };
		14405C90182175BF00843B20 /* StaticDataLoaderTest.m */ = {isa = PBXFileReference; fileEncoding = 4; lastKnownFileType = sourcecode.c.objc; path = StaticDataLoaderTest.m; sourceTree = "<group>"; };
		146161BD182A220C0012A1CE /* menu-icon.png */ = {isa = PBXFileReference; lastKnownFileType = image.png; path = "menu-icon.png"; sourceTree = "<group>"; };
		146161C1182AAA860012A1CE /* DeparturesTableViewController.h */ = {isa = PBXFileReference; fileEncoding = 4; lastKnownFileType = sourcecode.c.h; path = DeparturesTableViewController.h; sourceTree = "<group>"; };
		146161C2182AAA860012A1CE /* DeparturesTableViewController.m */ = {isa = PBXFileReference; fileEncoding = 4; lastKnownFileType = sourcecode.c.objc; path = DeparturesTableViewController.m; sourceTree = "<group>"; };
		146161C4182B70AC0012A1CE /* LinesNavigationController.h */ = {isa = PBXFileReference; fileEncoding = 4; lastKnownFileType = sourcecode.c.h; path = LinesNavigationController.h; sourceTree = "<group>"; };
		146161C5182B70AC0012A1CE /* LinesNavigationController.m */ = {isa = PBXFileReference; fileEncoding = 4; lastKnownFileType = sourcecode.c.objc; path = LinesNavigationController.m; sourceTree = "<group>"; };
		146161CA182C160B0012A1CE /* Constants.h */ = {isa = PBXFileReference; fileEncoding = 4; lastKnownFileType = sourcecode.c.h; path = Constants.h; sourceTree = "<group>"; };
		146161CB182C160B0012A1CE /* Constants.m */ = {isa = PBXFileReference; fileEncoding = 4; lastKnownFileType = sourcecode.c.objc; path = Constants.m; sourceTree = "<group>"; };
		146161D018310F520012A1CE /* mentions.html */ = {isa = PBXFileReference; fileEncoding = 4; lastKnownFileType = text.html; path = mentions.html; sourceTree = "<group>"; };
		146161D31831120C0012A1CE /* CreditsWebViewController.h */ = {isa = PBXFileReference; fileEncoding = 4; lastKnownFileType = sourcecode.c.h; path = CreditsWebViewController.h; sourceTree = "<group>"; };
		146161D41831120C0012A1CE /* CreditsWebViewController.m */ = {isa = PBXFileReference; fileEncoding = 4; lastKnownFileType = sourcecode.c.objc; path = CreditsWebViewController.m; sourceTree = "<group>"; };
		146CC04018181F2B005A7F66 /* gtfsUpdateFeed.xml */ = {isa = PBXFileReference; fileEncoding = 4; lastKnownFileType = text.xml; path = gtfsUpdateFeed.xml; sourceTree = "<group>"; };
		146CC04318181FDA005A7F66 /* GTFS.zip */ = {isa = PBXFileReference; lastKnownFileType = archive.zip; path = GTFS.zip; sourceTree = "<group>"; };
		1471689F180086F200846AE6 /* RouteStop.h */ = {isa = PBXFileReference; fileEncoding = 4; lastKnownFileType = sourcecode.c.h; path = RouteStop.h; sourceTree = "<group>"; };
		147168A0180086F200846AE6 /* RouteStop.m */ = {isa = PBXFileReference; fileEncoding = 4; lastKnownFileType = sourcecode.c.objc; path = RouteStop.m; sourceTree = "<group>"; };
		147168A51801A38000846AE6 /* DataLoaderViewController.h */ = {isa = PBXFileReference; fileEncoding = 4; lastKnownFileType = sourcecode.c.h; path = DataLoaderViewController.h; sourceTree = "<group>"; };
		147168A61801A38000846AE6 /* DataLoaderViewController.m */ = {isa = PBXFileReference; fileEncoding = 4; lastKnownFileType = sourcecode.c.objc; path = DataLoaderViewController.m; sourceTree = "<group>"; };
		147168AB1801C9F100846AE6 /* Group.h */ = {isa = PBXFileReference; fileEncoding = 4; lastKnownFileType = sourcecode.c.h; path = Group.h; sourceTree = "<group>"; };
		147168AC1801C9F100846AE6 /* Group.m */ = {isa = PBXFileReference; fileEncoding = 4; lastKnownFileType = sourcecode.c.objc; path = Group.m; sourceTree = "<group>"; };
		147168B41801C9F200846AE6 /* Favorite.h */ = {isa = PBXFileReference; fileEncoding = 4; lastKnownFileType = sourcecode.c.h; path = Favorite.h; sourceTree = "<group>"; };
		147168B51801C9F200846AE6 /* Favorite.m */ = {isa = PBXFileReference; fileEncoding = 4; lastKnownFileType = sourcecode.c.objc; path = Favorite.m; sourceTree = "<group>"; };
		147480021663D4DC0091FF49 /* PageViewController.h */ = {isa = PBXFileReference; fileEncoding = 4; lastKnownFileType = sourcecode.c.h; path = PageViewController.h; sourceTree = "<group>"; };
		147480031663D4DC0091FF49 /* PageViewController.m */ = {isa = PBXFileReference; fileEncoding = 4; lastKnownFileType = sourcecode.c.objc; path = PageViewController.m; sourceTree = "<group>"; };
		14776D7E17423022008C7E2E /* fr */ = {isa = PBXFileReference; lastKnownFileType = file.storyboard; name = fr; path = fr.lproj/MainStoryboard.storyboard; sourceTree = "<group>"; };
		14776D7F17423022008C7E2E /* fr */ = {isa = PBXFileReference; lastKnownFileType = text.plist.strings; name = fr; path = fr.lproj/InfoPlist.strings; sourceTree = "<group>"; };
		14776D84174251DE008C7E2E /* libz.1.2.5.dylib */ = {isa = PBXFileReference; lastKnownFileType = "compiled.mach-o.dylib"; name = libz.1.2.5.dylib; path = usr/lib/libz.1.2.5.dylib; sourceTree = SDKROOT; };
		14776D8617425290008C7E2E /* ZipArchiveTest.m */ = {isa = PBXFileReference; fileEncoding = 4; lastKnownFileType = sourcecode.c.objc; path = ZipArchiveTest.m; sourceTree = "<group>"; };
		147C342A166A05A8008FE719 /* UIButtonBarRefresh.png */ = {isa = PBXFileReference; lastKnownFileType = image.png; path = UIButtonBarRefresh.png; sourceTree = "<group>"; };
		147C342B166A05A8008FE719 /* UIButtonBarRefresh@2x.png */ = {isa = PBXFileReference; lastKnownFileType = image.png; path = "UIButtonBarRefresh@2x.png"; sourceTree = "<group>"; };
		1483084817DCF046006584C3 /* Group+GroupeWithAdditions.h */ = {isa = PBXFileReference; fileEncoding = 4; lastKnownFileType = sourcecode.c.h; path = "Group+GroupeWithAdditions.h"; sourceTree = "<group>"; };
		1483084917DCF046006584C3 /* Group+GroupeWithAdditions.m */ = {isa = PBXFileReference; fileEncoding = 4; lastKnownFileType = sourcecode.c.objc; path = "Group+GroupeWithAdditions.m"; sourceTree = "<group>"; };
		149D4ED418314CD400A19117 /* routes.txt */ = {isa = PBXFileReference; fileEncoding = 4; lastKnownFileType = text; name = routes.txt; path = GTFS/routes.txt; sourceTree = "<group>"; };
		149D4ED518314CD400A19117 /* stop_times.txt */ = {isa = PBXFileReference; fileEncoding = 4; lastKnownFileType = text; name = stop_times.txt; path = GTFS/stop_times.txt; sourceTree = "<group>"; };
		149D4ED618314CD400A19117 /* stops.txt */ = {isa = PBXFileReference; fileEncoding = 4; lastKnownFileType = text; name = stops.txt; path = GTFS/stops.txt; sourceTree = "<group>"; };
		149D4ED718314CD400A19117 /* trips.txt */ = {isa = PBXFileReference; fileEncoding = 4; lastKnownFileType = text; name = trips.txt; path = GTFS/trips.txt; sourceTree = "<group>"; };
		149D4EE018314D1700A19117 /* routes_additionals.txt */ = {isa = PBXFileReference; fileEncoding = 4; lastKnownFileType = text; name = routes_additionals.txt; path = GTFS/routes_additionals.txt; sourceTree = "<group>"; };
		149D4EE31831600300A19117 /* Stop.h */ = {isa = PBXFileReference; fileEncoding = 4; lastKnownFileType = sourcecode.c.h; path = Stop.h; sourceTree = "<group>"; };
		149D4EE41831600300A19117 /* Stop.m */ = {isa = PBXFileReference; fileEncoding = 4; lastKnownFileType = sourcecode.c.objc; path = Stop.m; sourceTree = "<group>"; };
		149DF05C163B2A78002D9D79 /* RoutesCsvReader.m */ = {isa = PBXFileReference; fileEncoding = 4; lastKnownFileType = sourcecode.c.objc; path = RoutesCsvReader.m; sourceTree = "<group>"; };
		14A3E667181D8BD500C7D6FE /* Default@2x.png */ = {isa = PBXFileReference; lastKnownFileType = image.png; path = "Default@2x.png"; sourceTree = "<group>"; };
		14A3E668181D8BD500C7D6FE /* Default-568h@2x.png */ = {isa = PBXFileReference; lastKnownFileType = image.png; path = "Default-568h@2x.png"; sourceTree = "<group>"; };
		14A3E66C181DA22400C7D6FE /* icon120@2x.png */ = {isa = PBXFileReference; lastKnownFileType = image.png; path = "icon120@2x.png"; sourceTree = "<group>"; };
		14A3E671181DA4D400C7D6FE /* icon.png */ = {isa = PBXFileReference; lastKnownFileType = image.png; path = icon.png; sourceTree = "<group>"; };
		14A3E673181DA51100C7D6FE /* icon80@2x.png */ = {isa = PBXFileReference; lastKnownFileType = image.png; path = "icon80@2x.png"; sourceTree = "<group>"; };
		14A3E675181DA54200C7D6FE /* icon58@2x.png */ = {isa = PBXFileReference; lastKnownFileType = image.png; path = "icon58@2x.png"; sourceTree = "<group>"; };
		14A540FE17773E0700E18262 /* StaticDataManagerTest.m */ = {isa = PBXFileReference; fileEncoding = 4; lastKnownFileType = sourcecode.c.objc; path = StaticDataManagerTest.m; sourceTree = "<group>"; };
		14A7B4DB1781E80B002A46FD /* StaticDataLoader.h */ = {isa = PBXFileReference; fileEncoding = 4; lastKnownFileType = sourcecode.c.h; path = StaticDataLoader.h; sourceTree = "<group>"; };
		14A7B4DC1781E80B002A46FD /* StaticDataLoader.m */ = {isa = PBXFileReference; fileEncoding = 4; lastKnownFileType = sourcecode.c.objc; path = StaticDataLoader.m; sourceTree = "<group>"; };
		14AD3C0B162AF00400DF061A /* EasyBus.app */ = {isa = PBXFileReference; explicitFileType = wrapper.application; includeInIndex = 0; path = EasyBus.app; sourceTree = BUILT_PRODUCTS_DIR; };
		14AD3C0F162AF00400DF061A /* UIKit.framework */ = {isa = PBXFileReference; lastKnownFileType = wrapper.framework; name = UIKit.framework; path = System/Library/Frameworks/UIKit.framework; sourceTree = SDKROOT; };
		14AD3C11162AF00400DF061A /* Foundation.framework */ = {isa = PBXFileReference; lastKnownFileType = wrapper.framework; name = Foundation.framework; path = System/Library/Frameworks/Foundation.framework; sourceTree = SDKROOT; };
		14AD3C13162AF00400DF061A /* CoreGraphics.framework */ = {isa = PBXFileReference; lastKnownFileType = wrapper.framework; name = CoreGraphics.framework; path = System/Library/Frameworks/CoreGraphics.framework; sourceTree = SDKROOT; };
		14AD3C17162AF00400DF061A /* EasyBus-Info.plist */ = {isa = PBXFileReference; lastKnownFileType = text.plist.xml; path = "EasyBus-Info.plist"; sourceTree = "<group>"; };
		14AD3C1B162AF00400DF061A /* main.m */ = {isa = PBXFileReference; lastKnownFileType = sourcecode.c.objc; path = main.m; sourceTree = "<group>"; };
		14AD3C1D162AF00400DF061A /* EasyBus-Prefix.pch */ = {isa = PBXFileReference; lastKnownFileType = sourcecode.c.h; path = "EasyBus-Prefix.pch"; sourceTree = "<group>"; };
		14AD3C1E162AF00400DF061A /* AppDelegate.h */ = {isa = PBXFileReference; explicitFileType = sourcecode.c.objc; path = AppDelegate.h; sourceTree = "<group>"; };
		14AD3C1F162AF00400DF061A /* AppDelegate.m */ = {isa = PBXFileReference; lastKnownFileType = sourcecode.c.objc; path = AppDelegate.m; sourceTree = "<group>"; };
		14AD3C21162AF00400DF061A /* Default.png */ = {isa = PBXFileReference; lastKnownFileType = image.png; path = Default.png; sourceTree = "<group>"; };
		14AD3C2D162AF00400DF061A /* LinesViewController.h */ = {isa = PBXFileReference; explicitFileType = sourcecode.c.objc; path = LinesViewController.h; sourceTree = "<group>"; };
		14AD3C2E162AF00400DF061A /* LinesViewController.m */ = {isa = PBXFileReference; lastKnownFileType = sourcecode.c.objc; path = LinesViewController.m; sourceTree = "<group>"; };
		14AD3C35162AF00400DF061A /* EasyBusTests.xctest */ = {isa = PBXFileReference; explicitFileType = wrapper.cfbundle; includeInIndex = 0; path = EasyBusTests.xctest; sourceTree = BUILT_PRODUCTS_DIR; };
		14AD3C3E162AF00400DF061A /* EasyBusTests-Info.plist */ = {isa = PBXFileReference; lastKnownFileType = text.plist.xml; path = "EasyBusTests-Info.plist"; sourceTree = "<group>"; };
		14B1F88817D1C7BC009AE1FB /* Route+RouteWithAdditions.h */ = {isa = PBXFileReference; fileEncoding = 4; lastKnownFileType = sourcecode.c.h; path = "Route+RouteWithAdditions.h"; sourceTree = "<group>"; };
		14B1F88917D1C7BC009AE1FB /* Route+RouteWithAdditions.m */ = {isa = PBXFileReference; fileEncoding = 4; lastKnownFileType = sourcecode.c.objc; path = "Route+RouteWithAdditions.m"; sourceTree = "<group>"; };
		14B1F88B17D1D2ED009AE1FB /* Favorite+FavoriteWithAdditions.h */ = {isa = PBXFileReference; fileEncoding = 4; lastKnownFileType = sourcecode.c.h; path = "Favorite+FavoriteWithAdditions.h"; sourceTree = "<group>"; };
		14B1F88C17D1D2ED009AE1FB /* Favorite+FavoriteWithAdditions.m */ = {isa = PBXFileReference; fileEncoding = 4; lastKnownFileType = sourcecode.c.objc; path = "Favorite+FavoriteWithAdditions.m"; sourceTree = "<group>"; };
		14B42DCE1656BF090070AA9D /* FavoritesViewController.h */ = {isa = PBXFileReference; fileEncoding = 4; lastKnownFileType = sourcecode.c.h; path = FavoritesViewController.h; sourceTree = "<group>"; };
		14B42DCF1656BF090070AA9D /* FavoritesViewController.m */ = {isa = PBXFileReference; fileEncoding = 4; lastKnownFileType = sourcecode.c.objc; path = FavoritesViewController.m; sourceTree = "<group>"; };
		14B8B84A17FB3C1F003270B1 /* IoCModuleTest.m */ = {isa = PBXFileReference; fileEncoding = 4; lastKnownFileType = sourcecode.c.objc; name = IoCModuleTest.m; path = ../EasyBus/IoCModuleTest.m; sourceTree = "<group>"; };
		14B8B84D17FB3D39003270B1 /* IoCModuleTest.h */ = {isa = PBXFileReference; fileEncoding = 4; lastKnownFileType = sourcecode.c.h; name = IoCModuleTest.h; path = ../EasyBus/IoCModuleTest.h; sourceTree = "<group>"; };
		14C2BFAD164FE2E5006E3952 /* DeparturesViewController.h */ = {isa = PBXFileReference; explicitFileType = sourcecode.c.objc; fileEncoding = 4; path = DeparturesViewController.h; sourceTree = "<group>"; };
		14C2BFAE164FE2E5006E3952 /* DeparturesViewController.m */ = {isa = PBXFileReference; fileEncoding = 4; lastKnownFileType = sourcecode.c.objc; path = DeparturesViewController.m; sourceTree = "<group>"; };
		14C2E544168884B200E8A2FB /* LocationManagerTest.m */ = {isa = PBXFileReference; fileEncoding = 4; lastKnownFileType = sourcecode.c.objc; path = LocationManagerTest.m; sourceTree = "<group>"; };
		14CF430716597FA500834A23 /* FavoriteCell.h */ = {isa = PBXFileReference; explicitFileType = sourcecode.c.objc; fileEncoding = 4; path = FavoriteCell.h; sourceTree = "<group>"; };
		14CF430816597FA500834A23 /* FavoriteCell.m */ = {isa = PBXFileReference; fileEncoding = 4; lastKnownFileType = sourcecode.c.objc; path = FavoriteCell.m; sourceTree = "<group>"; };
		14CF430F165BFF4000834A23 /* FavoritesManager.h */ = {isa = PBXFileReference; fileEncoding = 4; lastKnownFileType = sourcecode.c.h; path = FavoritesManager.h; sourceTree = "<group>"; };
		14CF4310165BFF4000834A23 /* FavoritesManager.m */ = {isa = PBXFileReference; fileEncoding = 4; lastKnownFileType = sourcecode.c.objc; path = FavoritesManager.m; sourceTree = "<group>"; };
		14CF431D165C1CCB00834A23 /* FavoritesManagerTest.m */ = {isa = PBXFileReference; fileEncoding = 4; lastKnownFileType = sourcecode.c.objc; path = FavoritesManagerTest.m; sourceTree = "<group>"; };
		14CF431F165C25A600834A23 /* DeparturesManager.h */ = {isa = PBXFileReference; fileEncoding = 4; lastKnownFileType = sourcecode.c.h; path = DeparturesManager.h; sourceTree = "<group>"; };
		14CF4320165C25A600834A23 /* DeparturesManager.m */ = {isa = PBXFileReference; fileEncoding = 4; lastKnownFileType = sourcecode.c.objc; path = DeparturesManager.m; sourceTree = "<group>"; };
		14CF4323165C2CB300834A23 /* DeparturesManagerTest.m */ = {isa = PBXFileReference; fileEncoding = 4; lastKnownFileType = sourcecode.c.objc; path = DeparturesManagerTest.m; sourceTree = "<group>"; };
		14CF432B165CDD3D00834A23 /* StaticDataManager.h */ = {isa = PBXFileReference; fileEncoding = 4; lastKnownFileType = sourcecode.c.h; path = StaticDataManager.h; sourceTree = "<group>"; };
		14CF432C165CDD3D00834A23 /* StaticDataManager.m */ = {isa = PBXFileReference; fileEncoding = 4; lastKnownFileType = sourcecode.c.objc; path = StaticDataManager.m; sourceTree = "<group>"; };
		14CF4332165EB10500834A23 /* LineCell.h */ = {isa = PBXFileReference; explicitFileType = sourcecode.c.objc; fileEncoding = 4; path = LineCell.h; sourceTree = "<group>"; };
		14CF4333165EB10500834A23 /* LineCell.m */ = {isa = PBXFileReference; fileEncoding = 4; lastKnownFileType = sourcecode.c.objc; path = LineCell.m; sourceTree = "<group>"; };
		14CF4335165EB2C500834A23 /* DirectionCell.h */ = {isa = PBXFileReference; explicitFileType = sourcecode.c.objc; fileEncoding = 4; path = DirectionCell.h; sourceTree = "<group>"; };
		14CF4336165EB2C500834A23 /* DirectionCell.m */ = {isa = PBXFileReference; fileEncoding = 4; lastKnownFileType = sourcecode.c.objc; path = DirectionCell.m; sourceTree = "<group>"; };
		14CF433F165EB44300834A23 /* StopCell.h */ = {isa = PBXFileReference; fileEncoding = 4; lastKnownFileType = sourcecode.c.h; path = StopCell.h; sourceTree = "<group>"; };
		14CF4340165EB44400834A23 /* StopCell.m */ = {isa = PBXFileReference; fileEncoding = 4; lastKnownFileType = sourcecode.c.objc; path = StopCell.m; sourceTree = "<group>"; };
		14CF4345165FEA3400834A23 /* DepartureCell.h */ = {isa = PBXFileReference; explicitFileType = sourcecode.c.objc; fileEncoding = 4; path = DepartureCell.h; sourceTree = "<group>"; };
		14CF4346165FEA3400834A23 /* DepartureCell.m */ = {isa = PBXFileReference; fileEncoding = 4; lastKnownFileType = sourcecode.c.objc; path = DepartureCell.m; sourceTree = "<group>"; };
		14DDB95817FC70BF000D1C5E /* TripsCsvReader.h */ = {isa = PBXFileReference; fileEncoding = 4; lastKnownFileType = sourcecode.c.h; path = TripsCsvReader.h; sourceTree = "<group>"; };
		14DDB95917FC70BF000D1C5E /* TripsCsvReader.m */ = {isa = PBXFileReference; fileEncoding = 4; lastKnownFileType = sourcecode.c.objc; path = TripsCsvReader.m; sourceTree = "<group>"; };
		14DDB95E17FC74CF000D1C5E /* TripsReaderTest.m */ = {isa = PBXFileReference; fileEncoding = 4; lastKnownFileType = sourcecode.c.objc; path = TripsReaderTest.m; sourceTree = "<group>"; };
		14DDB96C17FC7BEB000D1C5E /* StopTimesCsvReader.m */ = {isa = PBXFileReference; fileEncoding = 4; lastKnownFileType = sourcecode.c.objc; path = StopTimesCsvReader.m; sourceTree = "<group>"; };
		14DDB96D17FC7BEB000D1C5E /* StopTimesCsvReader.h */ = {isa = PBXFileReference; fileEncoding = 4; lastKnownFileType = sourcecode.c.h; path = StopTimesCsvReader.h; sourceTree = "<group>"; };
		14DDB97217FC7D66000D1C5E /* StopTimesCsvReaderTest.m */ = {isa = PBXFileReference; fileEncoding = 4; lastKnownFileType = sourcecode.c.objc; path = StopTimesCsvReaderTest.m; sourceTree = "<group>"; };
		14DDB97F17FCA933000D1C5E /* StopTime.h */ = {isa = PBXFileReference; fileEncoding = 4; lastKnownFileType = sourcecode.c.h; path = StopTime.h; sourceTree = "<group>"; };
		14DDB98017FCA933000D1C5E /* StopTime.m */ = {isa = PBXFileReference; fileEncoding = 4; lastKnownFileType = sourcecode.c.objc; path = StopTime.m; sourceTree = "<group>"; };
		14DDB98217FCA933000D1C5E /* Trip.h */ = {isa = PBXFileReference; fileEncoding = 4; lastKnownFileType = sourcecode.c.h; path = Trip.h; sourceTree = "<group>"; };
		14DDB98317FCA933000D1C5E /* Trip.m */ = {isa = PBXFileReference; fileEncoding = 4; lastKnownFileType = sourcecode.c.objc; path = Trip.m; sourceTree = "<group>"; };
		14E1289F1813E4F40034226A /* AsyncTestCase.h */ = {isa = PBXFileReference; fileEncoding = 4; lastKnownFileType = sourcecode.c.h; path = AsyncTestCase.h; sourceTree = "<group>"; };
		14E128A01813E4F50034226A /* AsyncTestCase.m */ = {isa = PBXFileReference; fileEncoding = 4; lastKnownFileType = sourcecode.c.objc; path = AsyncTestCase.m; sourceTree = "<group>"; };
		14E128A11813E4F50034226A /* AsyncTestCaseTest.m */ = {isa = PBXFileReference; fileEncoding = 4; lastKnownFileType = sourcecode.c.objc; path = AsyncTestCaseTest.m; sourceTree = "<group>"; };
		14E128A41813E5310034226A /* NSObject+AsyncPerformBlock.h */ = {isa = PBXFileReference; fileEncoding = 4; lastKnownFileType = sourcecode.c.h; name = "NSObject+AsyncPerformBlock.h"; path = "EasyBusTests/NSObject+AsyncPerformBlock.h"; sourceTree = SOURCE_ROOT; };
		14E128A51813E5310034226A /* NSObject+AsyncPerformBlock.m */ = {isa = PBXFileReference; fileEncoding = 4; lastKnownFileType = sourcecode.c.objc; name = "NSObject+AsyncPerformBlock.m"; path = "EasyBusTests/NSObject+AsyncPerformBlock.m"; sourceTree = SOURCE_ROOT; };
		14E128A71814476D0034226A /* NSURLProtocolStubTests.m */ = {isa = PBXFileReference; fileEncoding = 4; lastKnownFileType = sourcecode.c.objc; path = NSURLProtocolStubTests.m; sourceTree = "<group>"; };
		14E128A9181447810034226A /* NSURLProtocolStub.m */ = {isa = PBXFileReference; fileEncoding = 4; lastKnownFileType = sourcecode.c.objc; path = NSURLProtocolStub.m; sourceTree = "<group>"; };
		14E128AA181447810034226A /* NSURLProtocolStub.h */ = {isa = PBXFileReference; fileEncoding = 4; lastKnownFileType = sourcecode.c.h; path = NSURLProtocolStub.h; sourceTree = "<group>"; };
		14E128BD18145C6F0034226A /* getbusnextdepartures.xml */ = {isa = PBXFileReference; fileEncoding = 4; lastKnownFileType = text.xml; path = getbusnextdepartures.xml; sourceTree = "<group>"; };
		14E2AD7317D214E700ED4546 /* MainViewController.h */ = {isa = PBXFileReference; fileEncoding = 4; lastKnownFileType = sourcecode.c.h; path = MainViewController.h; sourceTree = "<group>"; };
		14E2AD7417D214E700ED4546 /* MainViewController.m */ = {isa = PBXFileReference; fileEncoding = 4; lastKnownFileType = sourcecode.c.objc; path = MainViewController.m; sourceTree = "<group>"; };
		14E2AD7F17D64A8F00ED4546 /* GroupManager.h */ = {isa = PBXFileReference; fileEncoding = 4; lastKnownFileType = sourcecode.c.h; path = GroupManager.h; sourceTree = "<group>"; };
		14E2AD8017D64A9000ED4546 /* GroupManager.m */ = {isa = PBXFileReference; fileEncoding = 4; lastKnownFileType = sourcecode.c.objc; path = GroupManager.m; sourceTree = "<group>"; };
		14E2AD8217D64E2400ED4546 /* GroupeManagerTest.m */ = {isa = PBXFileReference; fileEncoding = 4; lastKnownFileType = sourcecode.c.objc; path = GroupeManagerTest.m; sourceTree = "<group>"; };
		14E459021810695900E2401A /* GtfsPublishDataTmp.h */ = {isa = PBXFileReference; fileEncoding = 4; lastKnownFileType = sourcecode.c.h; path = GtfsPublishDataTmp.h; sourceTree = "<group>"; };
		14E459031810695900E2401A /* GtfsPublishDataTmp.m */ = {isa = PBXFileReference; fileEncoding = 4; lastKnownFileType = sourcecode.c.objc; path = GtfsPublishDataTmp.m; sourceTree = "<group>"; };
		14EEF352181AF41600C1C061 /* GtfsPublishData.h */ = {isa = PBXFileReference; fileEncoding = 4; lastKnownFileType = sourcecode.c.h; path = GtfsPublishData.h; sourceTree = "<group>"; };
		14EEF353181AF41600C1C061 /* GtfsPublishData.m */ = {isa = PBXFileReference; fileEncoding = 4; lastKnownFileType = sourcecode.c.objc; path = GtfsPublishData.m; sourceTree = "<group>"; };
		14EEF35B181BC8BA00C1C061 /* gtfsUpdateFeedError */ = {isa = PBXFileReference; fileEncoding = 4; lastKnownFileType = text.xml; path = gtfsUpdateFeedError; sourceTree = "<group>"; };
		14EF87E9167BBF370058607C /* LocationManager.h */ = {isa = PBXFileReference; explicitFileType = sourcecode.c.objc; fileEncoding = 4; path = LocationManager.h; sourceTree = "<group>"; };
		14EF87EA167BBF370058607C /* LocationManager.m */ = {isa = PBXFileReference; fileEncoding = 4; lastKnownFileType = sourcecode.c.objc; path = LocationManager.m; sourceTree = "<group>"; };
		14EF87ED167BC47D0058607C /* CoreLocation.framework */ = {isa = PBXFileReference; lastKnownFileType = wrapper.framework; name = CoreLocation.framework; path = System/Library/Frameworks/CoreLocation.framework; sourceTree = SDKROOT; };
		7FF4BCA5FAC64CE0997C79CA /* Pods.xcconfig */ = {isa = PBXFileReference; includeInIndex = 1; lastKnownFileType = text.xcconfig; name = Pods.xcconfig; path = Pods/Pods.xcconfig; sourceTree = "<group>"; };
		B81C3C036F434BBF8B37D73F /* libPods-EasyBusTests.a */ = {isa = PBXFileReference; explicitFileType = archive.ar; includeInIndex = 0; path = "libPods-EasyBusTests.a"; sourceTree = BUILT_PRODUCTS_DIR; };
		D421414454514E50A20383E7 /* Pods-EasyBusTests.xcconfig */ = {isa = PBXFileReference; includeInIndex = 1; lastKnownFileType = text.xcconfig; name = "Pods-EasyBusTests.xcconfig"; path = "Pods/Pods-EasyBusTests.xcconfig"; sourceTree = "<group>"; };
/* End PBXFileReference section */

/* Begin PBXFrameworksBuildPhase section */
		14AD3C08162AF00400DF061A /* Frameworks */ = {
			isa = PBXFrameworksBuildPhase;
			buildActionMask = 2147483647;
			files = (
				14AD3C12162AF00400DF061A /* Foundation.framework in Frameworks */,
				14AD3C10162AF00400DF061A /* UIKit.framework in Frameworks */,
				140513751746798B00345B1D /* CoreData.framework in Frameworks */,
				14EF87EE167BC47D0058607C /* CoreLocation.framework in Frameworks */,
				14AD3C14162AF00400DF061A /* CoreGraphics.framework in Frameworks */,
				14776D85174251DE008C7E2E /* libz.1.2.5.dylib in Frameworks */,
				0EC3D1BC77C946278025727A /* libPods.a in Frameworks */,
			);
			runOnlyForDeploymentPostprocessing = 0;
		};
		14AD3C31162AF00400DF061A /* Frameworks */ = {
			isa = PBXFrameworksBuildPhase;
			buildActionMask = 2147483647;
			files = (
				14AD3C39162AF00400DF061A /* Foundation.framework in Frameworks */,
				14AD3C38162AF00400DF061A /* UIKit.framework in Frameworks */,
				141EDDFE177B535A005DDC8C /* CoreData.framework in Frameworks */,
				14C2E547168B599600E8A2FB /* CoreLocation.framework in Frameworks */,
				14148BAA18105A5B005DDAF9 /* XCTest.framework in Frameworks */,
				14776DD417427271008C7E2E /* libz.1.2.5.dylib in Frameworks */,
				E15068B724C14E81AD7A0011 /* libPods-EasyBusTests.a in Frameworks */,
			);
			runOnlyForDeploymentPostprocessing = 0;
		};
/* End PBXFrameworksBuildPhase section */

/* Begin PBXGroup section */
		14405C8818204F9300843B20 /* User Interface */ = {
			isa = PBXGroup;
			children = (
				14AD3C27162AF00400DF061A /* MainStoryboard.storyboard */,
				14405C921822373700843B20 /* StartingView */,
				14CF4331165D567500834A23 /* DeparturesView */,
				14CF4329165CCE7900834A23 /* FavoritesView */,
				14CF432E165CF26000834A23 /* LinesView */,
				14CF4330165CF27800834A23 /* StopsView */,
				14CF432F165CF26E00834A23 /* DirectionView */,
				147168A81801A38A00846AE6 /* DataLoaderView */,
			);
			name = "User Interface";
			sourceTree = "<group>";
		};
		14405C921822373700843B20 /* StartingView */ = {
			isa = PBXGroup;
			children = (
				14E2AD7317D214E700ED4546 /* MainViewController.h */,
				14E2AD7417D214E700ED4546 /* MainViewController.m */,
				140AA0DD18283801008EFF54 /* MenuViewController.h */,
				140AA0DE18283801008EFF54 /* MenuViewController.m */,
				140AA0E0182968FA008EFF54 /* RevealViewController.h */,
				140AA0E1182968FA008EFF54 /* RevealViewController.m */,
			);
			name = StartingView;
			sourceTree = "<group>";
		};
		146161D2183111D00012A1CE /* CreditsWebViewController */ = {
			isa = PBXGroup;
			children = (
				146161D31831120C0012A1CE /* CreditsWebViewController.h */,
				146161D41831120C0012A1CE /* CreditsWebViewController.m */,
			);
			name = CreditsWebViewController;
			sourceTree = "<group>";
		};
		147168A81801A38A00846AE6 /* DataLoaderView */ = {
			isa = PBXGroup;
			children = (
				147168A51801A38000846AE6 /* DataLoaderViewController.h */,
				147168A61801A38000846AE6 /* DataLoaderViewController.m */,
			);
			name = DataLoaderView;
			sourceTree = "<group>";
		};
		14AD3C00162AF00400DF061A = {
			isa = PBXGroup;
			children = (
				140513741746798B00345B1D /* CoreData.framework */,
				14AD3C15162AF00400DF061A /* EasyBus */,
				14AD3C3C162AF00400DF061A /* EasyBusTests */,
				14AD3C0E162AF00400DF061A /* Frameworks */,
				14AD3C0C162AF00400DF061A /* Products */,
				7FF4BCA5FAC64CE0997C79CA /* Pods.xcconfig */,
				D421414454514E50A20383E7 /* Pods-EasyBusTests.xcconfig */,
			);
			sourceTree = "<group>";
		};
		14AD3C0C162AF00400DF061A /* Products */ = {
			isa = PBXGroup;
			children = (
				14AD3C0B162AF00400DF061A /* EasyBus.app */,
				14AD3C35162AF00400DF061A /* EasyBusTests.xctest */,
			);
			name = Products;
			sourceTree = "<group>";
		};
		14AD3C0E162AF00400DF061A /* Frameworks */ = {
			isa = PBXGroup;
			children = (
				14776D84174251DE008C7E2E /* libz.1.2.5.dylib */,
				14EF87ED167BC47D0058607C /* CoreLocation.framework */,
				14AD3C0F162AF00400DF061A /* UIKit.framework */,
				14AD3C11162AF00400DF061A /* Foundation.framework */,
				14AD3C13162AF00400DF061A /* CoreGraphics.framework */,
				14148B96180AC634005DDAF9 /* XCTest.framework */,
				0AEC54415FE547A0B83EF926 /* libPods.a */,
				B81C3C036F434BBF8B37D73F /* libPods-EasyBusTests.a */,
			);
			name = Frameworks;
			sourceTree = "<group>";
		};
		14AD3C15162AF00400DF061A /* EasyBus */ = {
			isa = PBXGroup;
			children = (
				14AD3C1E162AF00400DF061A /* AppDelegate.h */,
				14AD3C1F162AF00400DF061A /* AppDelegate.m */,
				146161CA182C160B0012A1CE /* Constants.h */,
				146161CB182C160B0012A1CE /* Constants.m */,
				140C799317F6C4C1007184C7 /* IoCModule.h */,
				140C799417F6C4C1007184C7 /* IoCModule.m */,
				14E128A41813E5310034226A /* NSObject+AsyncPerformBlock.h */,
				14E128A51813E5310034226A /* NSObject+AsyncPerformBlock.m */,
				14AD3CB9162B225300DF061A /* Modele */,
				14C4197F176CD03E00F7DF72 /* Business */,
				14405C8818204F9300843B20 /* User Interface */,
				146161D2183111D00012A1CE /* CreditsWebViewController */,
				14AD3C16162AF00400DF061A /* Supporting Files */,
			);
			path = EasyBus;
			sourceTree = "<group>";
		};
		14AD3C16162AF00400DF061A /* Supporting Files */ = {
			isa = PBXGroup;
			children = (
				146161D018310F520012A1CE /* mentions.html */,
				1414E1A9166DD7230013E9A1 /* arrow.png */,
				146161BD182A220C0012A1CE /* menu-icon.png */,
				14A3E671181DA4D400C7D6FE /* icon.png */,
				14A3E66C181DA22400C7D6FE /* icon120@2x.png */,
				14A3E673181DA51100C7D6FE /* icon80@2x.png */,
				14A3E675181DA54200C7D6FE /* icon58@2x.png */,
				147C342A166A05A8008FE719 /* UIButtonBarRefresh.png */,
				147C342B166A05A8008FE719 /* UIButtonBarRefresh@2x.png */,
				14AD3C17162AF00400DF061A /* EasyBus-Info.plist */,
				14AD3C18162AF00400DF061A /* InfoPlist.strings */,
				14AD3C1B162AF00400DF061A /* main.m */,
				14AD3C1D162AF00400DF061A /* EasyBus-Prefix.pch */,
				14AD3C21162AF00400DF061A /* Default.png */,
				14A3E667181D8BD500C7D6FE /* Default@2x.png */,
				14A3E668181D8BD500C7D6FE /* Default-568h@2x.png */,
			);
			name = "Supporting Files";
			sourceTree = "<group>";
		};
		14AD3C3C162AF00400DF061A /* EasyBusTests */ = {
			isa = PBXGroup;
			children = (
				14E1289F1813E4F40034226A /* AsyncTestCase.h */,
				14E128A01813E4F50034226A /* AsyncTestCase.m */,
				14E128A11813E4F50034226A /* AsyncTestCaseTest.m */,
				14E128AA181447810034226A /* NSURLProtocolStub.h */,
				14E128A9181447810034226A /* NSURLProtocolStub.m */,
				14E128A71814476D0034226A /* NSURLProtocolStubTests.m */,
				14B8B84D17FB3D39003270B1 /* IoCModuleTest.h */,
				14B8B84A17FB3C1F003270B1 /* IoCModuleTest.m */,
				14C2E544168884B200E8A2FB /* LocationManagerTest.m */,
				14776D8617425290008C7E2E /* ZipArchiveTest.m */,
				14CF431D165C1CCB00834A23 /* FavoritesManagerTest.m */,
				14CF4323165C2CB300834A23 /* DeparturesManagerTest.m */,
				14E2AD8217D64E2400ED4546 /* GroupeManagerTest.m */,
				14A540FE17773E0700E18262 /* StaticDataManagerTest.m */,
				14405C90182175BF00843B20 /* StaticDataLoaderTest.m */,
				141EDDFC177B4807005DDC8C /* RoutesCsvReaderTest.m */,
				140EA4F1163D94E400FB4A85 /* StopsCsvReaderTest.m */,
				14DDB95E17FC74CF000D1C5E /* TripsReaderTest.m */,
				14DDB97217FC7D66000D1C5E /* StopTimesCsvReaderTest.m */,
				14148B93180AC32C005DDAF9 /* GtfsDownloadManagerTest.m */,
				14AD3C3D162AF00400DF061A /* Supporting Files */,
			);
			path = EasyBusTests;
			sourceTree = "<group>";
		};
		14AD3C3D162AF00400DF061A /* Supporting Files */ = {
			isa = PBXGroup;
			children = (
				149D4ED418314CD400A19117 /* routes.txt */,
				149D4EE018314D1700A19117 /* routes_additionals.txt */,
				149D4ED518314CD400A19117 /* stop_times.txt */,
				149D4ED618314CD400A19117 /* stops.txt */,
				149D4ED718314CD400A19117 /* trips.txt */,
				146CC04318181FDA005A7F66 /* GTFS.zip */,
				14E128BD18145C6F0034226A /* getbusnextdepartures.xml */,
				14AD3C3E162AF00400DF061A /* EasyBusTests-Info.plist */,
				146CC04018181F2B005A7F66 /* gtfsUpdateFeed.xml */,
				14EEF35B181BC8BA00C1C061 /* gtfsUpdateFeedError */,
			);
			name = "Supporting Files";
			sourceTree = "<group>";
		};
		14AD3CB9162B225300DF061A /* Modele */ = {
			isa = PBXGroup;
			children = (
				1405136B17465CD700345B1D /* EasyBus.xcdatamodeld */,
				149D4EE31831600300A19117 /* Stop.h */,
				149D4EE41831600300A19117 /* Stop.m */,
				14405C89182173FD00843B20 /* Route.h */,
				14405C8A182173FD00843B20 /* Route.m */,
				14EEF352181AF41600C1C061 /* GtfsPublishData.h */,
				14EEF353181AF41600C1C061 /* GtfsPublishData.m */,
				147168B41801C9F200846AE6 /* Favorite.h */,
				147168B51801C9F200846AE6 /* Favorite.m */,
				147168AB1801C9F100846AE6 /* Group.h */,
				147168AC1801C9F100846AE6 /* Group.m */,
				1483084817DCF046006584C3 /* Group+GroupeWithAdditions.h */,
				1483084917DCF046006584C3 /* Group+GroupeWithAdditions.m */,
				14B1F88B17D1D2ED009AE1FB /* Favorite+FavoriteWithAdditions.h */,
				14B1F88C17D1D2ED009AE1FB /* Favorite+FavoriteWithAdditions.m */,
				14B1F88817D1C7BC009AE1FB /* Route+RouteWithAdditions.h */,
				14B1F88917D1C7BC009AE1FB /* Route+RouteWithAdditions.m */,
			);
			name = Modele;
			sourceTree = "<group>";
		};
		14AD3DE3162C96BE00DF061A /* Departures */ = {
			isa = PBXGroup;
			children = (
				14CF431F165C25A600834A23 /* DeparturesManager.h */,
				14CF4320165C25A600834A23 /* DeparturesManager.m */,
				142340D8162E0ABA0095073C /* Depart.h */,
				142340D9162E0ABA0095073C /* Depart.m */,
			);
			name = Departures;
			sourceTree = "<group>";
		};
		14C4197F176CD03E00F7DF72 /* Business */ = {
			isa = PBXGroup;
			children = (
				14AD3DE3162C96BE00DF061A /* Departures */,
				14CF4312165BFF7F00834A23 /* Favorites */,
				14CF4313165BFF8900834A23 /* Lines&Stops */,
				14EF87E7167BBF030058607C /* Location */,
			);
			name = Business;
			sourceTree = "<group>";
		};
		14CF4312165BFF7F00834A23 /* Favorites */ = {
			isa = PBXGroup;
			children = (
				14CF430F165BFF4000834A23 /* FavoritesManager.h */,
				14CF4310165BFF4000834A23 /* FavoritesManager.m */,
				14E2AD7F17D64A8F00ED4546 /* GroupManager.h */,
				14E2AD8017D64A9000ED4546 /* GroupManager.m */,
			);
			name = Favorites;
			sourceTree = "<group>";
		};
		14CF4313165BFF8900834A23 /* Lines&Stops */ = {
			isa = PBXGroup;
			children = (
				14DDB98217FCA933000D1C5E /* Trip.h */,
				14DDB98317FCA933000D1C5E /* Trip.m */,
				14DDB97F17FCA933000D1C5E /* StopTime.h */,
				14DDB98017FCA933000D1C5E /* StopTime.m */,
				1471689F180086F200846AE6 /* RouteStop.h */,
				147168A0180086F200846AE6 /* RouteStop.m */,
				14A7B4DB1781E80B002A46FD /* StaticDataLoader.h */,
				14A7B4DC1781E80B002A46FD /* StaticDataLoader.m */,
				14CF432B165CDD3D00834A23 /* StaticDataManager.h */,
				14CF432C165CDD3D00834A23 /* StaticDataManager.m */,
				141EDDE617776FFF005DDC8C /* RoutesCsvReader.h */,
				149DF05C163B2A78002D9D79 /* RoutesCsvReader.m */,
				140EA4E2163D8C7B00FB4A85 /* StopsCsvReader.h */,
				140EA4E3163D8C7B00FB4A85 /* StopsCsvReader.m */,
				14DDB95817FC70BF000D1C5E /* TripsCsvReader.h */,
				14DDB95917FC70BF000D1C5E /* TripsCsvReader.m */,
				14DDB96D17FC7BEB000D1C5E /* StopTimesCsvReader.h */,
				14DDB96C17FC7BEB000D1C5E /* StopTimesCsvReader.m */,
				14E459021810695900E2401A /* GtfsPublishDataTmp.h */,
				14E459031810695900E2401A /* GtfsPublishDataTmp.m */,
				1404E19F1805BD1D005026C2 /* GtfsDownloadManager.h */,
				1404E1A01805BD1D005026C2 /* GtfsDownloadManager.m */,
			);
			name = "Lines&Stops";
			sourceTree = "<group>";
		};
		14CF4329165CCE7900834A23 /* FavoritesView */ = {
			isa = PBXGroup;
			children = (
				14B42DCE1656BF090070AA9D /* FavoritesViewController.h */,
				14B42DCF1656BF090070AA9D /* FavoritesViewController.m */,
				14CF430716597FA500834A23 /* FavoriteCell.h */,
				14CF430816597FA500834A23 /* FavoriteCell.m */,
			);
			name = FavoritesView;
			sourceTree = "<group>";
		};
		14CF432E165CF26000834A23 /* LinesView */ = {
			isa = PBXGroup;
			children = (
				146161C4182B70AC0012A1CE /* LinesNavigationController.h */,
				146161C5182B70AC0012A1CE /* LinesNavigationController.m */,
				14AD3C2D162AF00400DF061A /* LinesViewController.h */,
				14AD3C2E162AF00400DF061A /* LinesViewController.m */,
				14CF4332165EB10500834A23 /* LineCell.h */,
				14CF4333165EB10500834A23 /* LineCell.m */,
			);
			name = LinesView;
			sourceTree = "<group>";
		};
		14CF432F165CF26E00834A23 /* DirectionView */ = {
			isa = PBXGroup;
			children = (
				1407D67A1649B107002F37AD /* DirectionViewController.h */,
				1407D6771649B0EE002F37AD /* DirectionViewController.m */,
				14CF4335165EB2C500834A23 /* DirectionCell.h */,
				14CF4336165EB2C500834A23 /* DirectionCell.m */,
			);
			name = DirectionView;
			sourceTree = "<group>";
		};
		14CF4330165CF27800834A23 /* StopsView */ = {
			isa = PBXGroup;
			children = (
				140EA84D163DBD5800FB4A85 /* StopsViewController.h */,
				140EA84E163DBD5900FB4A85 /* StopsViewController.m */,
				14CF433F165EB44300834A23 /* StopCell.h */,
				14CF4340165EB44400834A23 /* StopCell.m */,
			);
			name = StopsView;
			sourceTree = "<group>";
		};
		14CF4331165D567500834A23 /* DeparturesView */ = {
			isa = PBXGroup;
			children = (
				147480021663D4DC0091FF49 /* PageViewController.h */,
				147480031663D4DC0091FF49 /* PageViewController.m */,
				143A3F4D16810C6300EEC39B /* PageViewControllerDatasource.h */,
				143A3F4E16810C6300EEC39B /* PageViewControllerDatasource.m */,
				14C2BFAD164FE2E5006E3952 /* DeparturesViewController.h */,
				14C2BFAE164FE2E5006E3952 /* DeparturesViewController.m */,
				146161C1182AAA860012A1CE /* DeparturesTableViewController.h */,
				146161C2182AAA860012A1CE /* DeparturesTableViewController.m */,
				14CF4345165FEA3400834A23 /* DepartureCell.h */,
				14CF4346165FEA3400834A23 /* DepartureCell.m */,
				1414E1AB166E6F380013E9A1 /* NoDepartureCell.h */,
				1414E1AC166E6F380013E9A1 /* NoDepartureCell.m */,
			);
			name = DeparturesView;
			sourceTree = "<group>";
		};
		14EF87E7167BBF030058607C /* Location */ = {
			isa = PBXGroup;
			children = (
				14EF87E9167BBF370058607C /* LocationManager.h */,
				14EF87EA167BBF370058607C /* LocationManager.m */,
			);
			name = Location;
			sourceTree = "<group>";
		};
/* End PBXGroup section */

/* Begin PBXNativeTarget section */
		14AD3C0A162AF00400DF061A /* EasyBus */ = {
			isa = PBXNativeTarget;
			buildConfigurationList = 14AD3C47162AF00400DF061A /* Build configuration list for PBXNativeTarget "EasyBus" */;
			buildPhases = (
				B6AEDA266F314CE89CC6301D /* Check Pods Manifest.lock */,
				14AD3C07162AF00400DF061A /* Sources */,
				14AD3C08162AF00400DF061A /* Frameworks */,
				14AD3C09162AF00400DF061A /* Resources */,
				048FCAAE59BE45C1838C851C /* Copy Pods Resources */,
			);
			buildRules = (
			);
			dependencies = (
			);
			name = EasyBus;
			productName = EasyBus;
			productReference = 14AD3C0B162AF00400DF061A /* EasyBus.app */;
			productType = "com.apple.product-type.application";
		};
		14AD3C34162AF00400DF061A /* EasyBusTests */ = {
			isa = PBXNativeTarget;
			buildConfigurationList = 14AD3C4A162AF00400DF061A /* Build configuration list for PBXNativeTarget "EasyBusTests" */;
			buildPhases = (
				19FA6B589AE9467F929BA4A1 /* Check Pods Manifest.lock */,
				14AD3C30162AF00400DF061A /* Sources */,
				14AD3C31162AF00400DF061A /* Frameworks */,
				14AD3C32162AF00400DF061A /* Resources */,
				14AD3C33162AF00400DF061A /* ShellScript */,
				05D60E18221349E5980F71DC /* Copy Pods Resources */,
			);
			buildRules = (
			);
			dependencies = (
				14AD3C3B162AF00400DF061A /* PBXTargetDependency */,
			);
			name = EasyBusTests;
			productName = EasyBusTests;
			productReference = 14AD3C35162AF00400DF061A /* EasyBusTests.xctest */;
			productType = "com.apple.product-type.bundle.unit-test";
		};
/* End PBXNativeTarget section */

/* Begin PBXProject section */
		14AD3C02162AF00400DF061A /* Project object */ = {
			isa = PBXProject;
			attributes = {
				LastUpgradeCheck = 0460;
				ORGANIZATIONNAME = Benoit;
				TargetAttributes = {
					14AD3C0A162AF00400DF061A = {
						DevelopmentTeam = K32A4HJ29U;
					};
				};
			};
			buildConfigurationList = 14AD3C05162AF00400DF061A /* Build configuration list for PBXProject "EasyBus" */;
			compatibilityVersion = "Xcode 3.2";
			developmentRegion = English;
			hasScannedForEncodings = 0;
			knownRegions = (
				en,
				fr,
				Base,
			);
			mainGroup = 14AD3C00162AF00400DF061A;
			productRefGroup = 14AD3C0C162AF00400DF061A /* Products */;
			projectDirPath = "";
			projectRoot = "";
			targets = (
				14AD3C0A162AF00400DF061A /* EasyBus */,
				14AD3C34162AF00400DF061A /* EasyBusTests */,
			);
		};
/* End PBXProject section */

/* Begin PBXResourcesBuildPhase section */
		14AD3C09162AF00400DF061A /* Resources */ = {
			isa = PBXResourcesBuildPhase;
			buildActionMask = 2147483647;
			files = (
				14AD3C1A162AF00400DF061A /* InfoPlist.strings in Resources */,
				14AD3C22162AF00400DF061A /* Default.png in Resources */,
				149D4EDD18314CD900A19117 /* stop_times.txt in Resources */,
				14B90CBB181C40D500F6FF73 /* gtfsUpdateFeed.xml in Resources */,
				149D4EDE18314CD900A19117 /* stops.txt in Resources */,
				146161D118310F520012A1CE /* mentions.html in Resources */,
				14AD3C29162AF00400DF061A /* MainStoryboard.storyboard in Resources */,
				14A3E672181DA4D400C7D6FE /* icon.png in Resources */,
				14B90CB9181C40CD00F6FF73 /* GTFS.zip in Resources */,
				1407D6781649B0EE002F37AD /* DirectionViewController.m in Resources */,
				14B90CBA181C40D100F6FF73 /* getbusnextdepartures.xml in Resources */,
				14A3E674181DA51100C7D6FE /* icon80@2x.png in Resources */,
				149D4EDC18314CD900A19117 /* routes.txt in Resources */,
				14B90CBC181C40D800F6FF73 /* gtfsUpdateFeedError in Resources */,
				147C342C166A05A8008FE719 /* UIButtonBarRefresh.png in Resources */,
				14A3E676181DA54200C7D6FE /* icon58@2x.png in Resources */,
				147C342D166A05A8008FE719 /* UIButtonBarRefresh@2x.png in Resources */,
				149D4EE118314D1700A19117 /* routes_additionals.txt in Resources */,
				146161BE182A220C0012A1CE /* menu-icon.png in Resources */,
				14A3E669181D8BD500C7D6FE /* Default@2x.png in Resources */,
				14A3E66A181D8BD500C7D6FE /* Default-568h@2x.png in Resources */,
				1414E1AA166DD7230013E9A1 /* arrow.png in Resources */,
				149D4EDF18314CD900A19117 /* trips.txt in Resources */,
				14A3E66E181DA22400C7D6FE /* icon120@2x.png in Resources */,
			);
			runOnlyForDeploymentPostprocessing = 0;
		};
		14AD3C32162AF00400DF061A /* Resources */ = {
			isa = PBXResourcesBuildPhase;
			buildActionMask = 2147483647;
			files = (
				149D4ED818314CD400A19117 /* routes.txt in Resources */,
				149D4EDB18314CD400A19117 /* trips.txt in Resources */,
				14E128BE18145C6F0034226A /* getbusnextdepartures.xml in Resources */,
				146CC04518181FDA005A7F66 /* GTFS.zip in Resources */,
				14EEF35C181BC8BA00C1C061 /* gtfsUpdateFeedError in Resources */,
				149D4EE218314D1700A19117 /* routes_additionals.txt in Resources */,
				149D4EDA18314CD400A19117 /* stops.txt in Resources */,
				146CC04218181F2B005A7F66 /* gtfsUpdateFeed.xml in Resources */,
				149D4ED918314CD400A19117 /* stop_times.txt in Resources */,
			);
			runOnlyForDeploymentPostprocessing = 0;
		};
/* End PBXResourcesBuildPhase section */

/* Begin PBXShellScriptBuildPhase section */
		048FCAAE59BE45C1838C851C /* Copy Pods Resources */ = {
			isa = PBXShellScriptBuildPhase;
			buildActionMask = 2147483647;
			files = (
			);
			inputPaths = (
			);
			name = "Copy Pods Resources";
			outputPaths = (
			);
			runOnlyForDeploymentPostprocessing = 0;
			shellPath = /bin/sh;
			shellScript = "\"${SRCROOT}/Pods/Pods-resources.sh\"\n";
			showEnvVarsInLog = 0;
		};
		05D60E18221349E5980F71DC /* Copy Pods Resources */ = {
			isa = PBXShellScriptBuildPhase;
			buildActionMask = 2147483647;
			files = (
			);
			inputPaths = (
			);
			name = "Copy Pods Resources";
			outputPaths = (
			);
			runOnlyForDeploymentPostprocessing = 0;
			shellPath = /bin/sh;
			shellScript = "\"${SRCROOT}/Pods/Pods-EasyBusTests-resources.sh\"\n";
			showEnvVarsInLog = 0;
		};
		14AD3C33162AF00400DF061A /* ShellScript */ = {
			isa = PBXShellScriptBuildPhase;
			buildActionMask = 2147483647;
			files = (
			);
			inputPaths = (
			);
			outputPaths = (
			);
			runOnlyForDeploymentPostprocessing = 0;
			shellPath = /bin/sh;
			shellScript = "# Run the unit tests in this test bundle.\n\"${SYSTEM_DEVELOPER_DIR}/Tools/RunUnitTests\"\n";
		};
		19FA6B589AE9467F929BA4A1 /* Check Pods Manifest.lock */ = {
			isa = PBXShellScriptBuildPhase;
			buildActionMask = 2147483647;
			files = (
			);
			inputPaths = (
			);
			name = "Check Pods Manifest.lock";
			outputPaths = (
			);
			runOnlyForDeploymentPostprocessing = 0;
			shellPath = /bin/sh;
			shellScript = "diff \"${PODS_ROOT}/../Podfile.lock\" \"${PODS_ROOT}/Manifest.lock\" > /dev/null\nif [[ $? != 0 ]] ; then\n    cat << EOM\nerror: The sandbox is not in sync with the Podfile.lock. Run 'pod install' or update your CocoaPods installation.\nEOM\n    exit 1\nfi\n";
			showEnvVarsInLog = 0;
		};
		B6AEDA266F314CE89CC6301D /* Check Pods Manifest.lock */ = {
			isa = PBXShellScriptBuildPhase;
			buildActionMask = 2147483647;
			files = (
			);
			inputPaths = (
			);
			name = "Check Pods Manifest.lock";
			outputPaths = (
			);
			runOnlyForDeploymentPostprocessing = 0;
			shellPath = /bin/sh;
			shellScript = "diff \"${PODS_ROOT}/../Podfile.lock\" \"${PODS_ROOT}/Manifest.lock\" > /dev/null\nif [[ $? != 0 ]] ; then\n    cat << EOM\nerror: The sandbox is not in sync with the Podfile.lock. Run 'pod install' or update your CocoaPods installation.\nEOM\n    exit 1\nfi\n";
			showEnvVarsInLog = 0;
		};
/* End PBXShellScriptBuildPhase section */

/* Begin PBXSourcesBuildPhase section */
		14AD3C07162AF00400DF061A /* Sources */ = {
			isa = PBXSourcesBuildPhase;
			buildActionMask = 2147483647;
			files = (
				14EEF354181AF41600C1C061 /* GtfsPublishData.m in Sources */,
				14B42DC61656BD5D0070AA9D /* Depart.h in Sources */,
				14B42DC71656BD5D0070AA9D /* DeparturesViewController.h in Sources */,
				14ADC8F91649C5D700B50FA2 /* AppDelegate.h in Sources */,
				14ADC8FC1649C5D700B50FA2 /* LinesViewController.h in Sources */,
				14ADC8FD1649C5D700B50FA2 /* DirectionViewController.m in Sources */,
				14AD3C1C162AF00400DF061A /* main.m in Sources */,
				147168A71801A38000846AE6 /* DataLoaderViewController.m in Sources */,
				14AD3C20162AF00400DF061A /* AppDelegate.m in Sources */,
				14AD3C2F162AF00400DF061A /* LinesViewController.m in Sources */,
				142340DA162E0ABA0095073C /* Depart.m in Sources */,
				149DF05D163B2A78002D9D79 /* RoutesCsvReader.m in Sources */,
				14405C8B182173FD00843B20 /* Route.m in Sources */,
				140EA4E4163D8C7B00FB4A85 /* StopsCsvReader.m in Sources */,
				140EA4E6163D8C8200FB4A85 /* StopsCsvReader.h in Sources */,
				140EA84F163DBD5900FB4A85 /* StopsViewController.m in Sources */,
				140EA850163F125600FB4A85 /* StopsViewController.h in Sources */,
				140C799517F6C4C1007184C7 /* IoCModule.m in Sources */,
				14DDB98117FCA933000D1C5E /* StopTime.m in Sources */,
				1407D67B1649B648002F37AD /* DirectionViewController.h in Sources */,
				140AA0D318281C78008EFF54 /* NSObject+AsyncPerformBlock.m in Sources */,
				14C2BFAF164FE2E5006E3952 /* DeparturesViewController.m in Sources */,
				14B42DD01656BF090070AA9D /* FavoritesViewController.m in Sources */,
				14CF430916597FA500834A23 /* FavoriteCell.m in Sources */,
				14CF4311165BFF4000834A23 /* FavoritesManager.m in Sources */,
				14CF4321165C25A600834A23 /* DeparturesManager.m in Sources */,
				147168A1180086F200846AE6 /* RouteStop.m in Sources */,
				14CF432D165CDD3D00834A23 /* StaticDataManager.m in Sources */,
				14CF4334165EB10500834A23 /* LineCell.m in Sources */,
				14CF4337165EB2C600834A23 /* DirectionCell.m in Sources */,
				146161C6182B70AC0012A1CE /* LinesNavigationController.m in Sources */,
				14CF433C165EB41200834A23 /* DirectionCell.h in Sources */,
				146161C3182AAA860012A1CE /* DeparturesTableViewController.m in Sources */,
				14CF433D165EB41700834A23 /* LineCell.h in Sources */,
				14CF433E165EB42000834A23 /* FavoriteCell.h in Sources */,
				146161CC182C160B0012A1CE /* Constants.m in Sources */,
				14CF4341165EB44400834A23 /* StopCell.m in Sources */,
				14CF4347165FEA3400834A23 /* DepartureCell.m in Sources */,
				147168B61801C9F200846AE6 /* Favorite.m in Sources */,
				14E459041810695900E2401A /* GtfsPublishDataTmp.m in Sources */,
				146161D51831120C0012A1CE /* CreditsWebViewController.m in Sources */,
				14A8AA601660FED300394FC2 /* DepartureCell.h in Sources */,
				140AA0E2182968FA008EFF54 /* RevealViewController.m in Sources */,
				147480041663D4DC0091FF49 /* PageViewController.m in Sources */,
				1414E1AD166E6F380013E9A1 /* NoDepartureCell.m in Sources */,
				14DDB96E17FC7BEB000D1C5E /* StopTimesCsvReader.m in Sources */,
				14EF87EB167BBF370058607C /* LocationManager.m in Sources */,
				14EF87EC167BC3860058607C /* LocationManager.h in Sources */,
				143A3F4F16810C6300EEC39B /* PageViewControllerDatasource.m in Sources */,
				143A3F51168111B700EEC39B /* PageViewControllerDatasource.h in Sources */,
				14148BA3180E64A6005DDAF9 /* GtfsDownloadManager.m in Sources */,
				14DDB98417FCA933000D1C5E /* Trip.m in Sources */,
				140AA0DF18283801008EFF54 /* MenuViewController.m in Sources */,
				147168AD1801C9F100846AE6 /* Group.m in Sources */,
				1405136D17465CD700345B1D /* EasyBus.xcdatamodeld in Sources */,
				14A7B4DD1781E80B002A46FD /* StaticDataLoader.m in Sources */,
				14B1F88A17D1C7BC009AE1FB /* Route+RouteWithAdditions.m in Sources */,
				14B1F88D17D1D2ED009AE1FB /* Favorite+FavoriteWithAdditions.m in Sources */,
				14DDB95A17FC70BF000D1C5E /* TripsCsvReader.m in Sources */,
				14E2AD7517D214E700ED4546 /* MainViewController.m in Sources */,
				14E2ADC417D79ECF00ED4546 /* GroupManager.m in Sources */,
				1483084A17DCF046006584C3 /* Group+GroupeWithAdditions.m in Sources */,
				149D4EE51831600300A19117 /* Stop.m in Sources */,
			);
			runOnlyForDeploymentPostprocessing = 0;
		};
		14AD3C30162AF00400DF061A /* Sources */ = {
			isa = PBXSourcesBuildPhase;
			buildActionMask = 2147483647;
			files = (
				140EA4F2163D94E400FB4A85 /* StopsCsvReaderTest.m in Sources */,
				14CF431E165C1CCB00834A23 /* FavoritesManagerTest.m in Sources */,
				14E128AB181447810034226A /* NSURLProtocolStub.m in Sources */,
				14CF4324165C2CB300834A23 /* DeparturesManagerTest.m in Sources */,
				14148B94180AC32C005DDAF9 /* GtfsDownloadManagerTest.m in Sources */,
				14C2E545168884B200E8A2FB /* LocationManagerTest.m in Sources */,
				14DDB95F17FC74CF000D1C5E /* TripsReaderTest.m in Sources */,
				149D4EE61831600300A19117 /* Stop.m in Sources */,
				14E128A21813E4F50034226A /* AsyncTestCase.m in Sources */,
				14E128A31813E4F50034226A /* AsyncTestCaseTest.m in Sources */,
				14405C91182175BF00843B20 /* StaticDataLoaderTest.m in Sources */,
				14DDB97517FC802E000D1C5E /* StopTimesCsvReaderTest.m in Sources */,
				14B8B84C17FB3C4E003270B1 /* IoCModuleTest.m in Sources */,
				14A540FF17773E0700E18262 /* StaticDataManagerTest.m in Sources */,
				141EDDFD177B4807005DDC8C /* RoutesCsvReaderTest.m in Sources */,
				14E2AD8317D64E2400ED4546 /* GroupeManagerTest.m in Sources */,
			);
			runOnlyForDeploymentPostprocessing = 0;
		};
/* End PBXSourcesBuildPhase section */

/* Begin PBXTargetDependency section */
		14AD3C3B162AF00400DF061A /* PBXTargetDependency */ = {
			isa = PBXTargetDependency;
			target = 14AD3C0A162AF00400DF061A /* EasyBus */;
			targetProxy = 14AD3C3A162AF00400DF061A /* PBXContainerItemProxy */;
		};
/* End PBXTargetDependency section */

/* Begin PBXVariantGroup section */
		14AD3C18162AF00400DF061A /* InfoPlist.strings */ = {
			isa = PBXVariantGroup;
			children = (
				14776D7F17423022008C7E2E /* fr */,
			);
			name = InfoPlist.strings;
			sourceTree = "<group>";
		};
		14AD3C27162AF00400DF061A /* MainStoryboard.storyboard */ = {
			isa = PBXVariantGroup;
			children = (
				14776D7E17423022008C7E2E /* fr */,
			);
			name = MainStoryboard.storyboard;
			sourceTree = "<group>";
		};
/* End PBXVariantGroup section */

/* Begin XCBuildConfiguration section */
		14AD3C45162AF00400DF061A /* Debug */ = {
			isa = XCBuildConfiguration;
			buildSettings = {
				ALWAYS_SEARCH_USER_PATHS = NO;
				CLANG_CXX_LANGUAGE_STANDARD = "gnu++0x";
				CLANG_CXX_LIBRARY = "libc++";
				CLANG_ENABLE_OBJC_ARC = YES;
				CLANG_WARN_EMPTY_BODY = YES;
				CLANG_WARN__DUPLICATE_METHOD_MATCH = YES;
				"CODE_SIGN_IDENTITY[sdk=iphoneos*]" = "iPhone Developer";
				COPY_PHASE_STRIP = NO;
				GCC_C_LANGUAGE_STANDARD = gnu99;
				GCC_DYNAMIC_NO_PIC = NO;
				GCC_OPTIMIZATION_LEVEL = 0;
				GCC_PREPROCESSOR_DEFINITIONS = (
					"DEBUG=1",
					"$(inherited)",
				);
				GCC_SYMBOLS_PRIVATE_EXTERN = NO;
				GCC_WARN_ABOUT_RETURN_TYPE = YES;
				GCC_WARN_UNINITIALIZED_AUTOS = YES;
				GCC_WARN_UNUSED_VARIABLE = YES;
				IPHONEOS_DEPLOYMENT_TARGET = 7.0;
				ONLY_ACTIVE_ARCH = YES;
				SDKROOT = iphoneos;
			};
			name = Debug;
		};
		14AD3C46162AF00400DF061A /* Release */ = {
			isa = XCBuildConfiguration;
			buildSettings = {
				ALWAYS_SEARCH_USER_PATHS = NO;
				CLANG_CXX_LANGUAGE_STANDARD = "gnu++0x";
				CLANG_CXX_LIBRARY = "libc++";
				CLANG_ENABLE_OBJC_ARC = YES;
				CLANG_WARN_EMPTY_BODY = YES;
				CLANG_WARN__DUPLICATE_METHOD_MATCH = YES;
				"CODE_SIGN_IDENTITY[sdk=iphoneos*]" = "iPhone Developer";
				COPY_PHASE_STRIP = YES;
				GCC_C_LANGUAGE_STANDARD = gnu99;
				GCC_WARN_ABOUT_RETURN_TYPE = YES;
				GCC_WARN_UNINITIALIZED_AUTOS = YES;
				GCC_WARN_UNUSED_VARIABLE = YES;
				IPHONEOS_DEPLOYMENT_TARGET = 7.0;
				OTHER_CFLAGS = "-DNS_BLOCK_ASSERTIONS=1";
				SDKROOT = iphoneos;
				VALIDATE_PRODUCT = YES;
			};
			name = Release;
		};
		14AD3C48162AF00400DF061A /* Debug */ = {
			isa = XCBuildConfiguration;
			baseConfigurationReference = 7FF4BCA5FAC64CE0997C79CA /* Pods.xcconfig */;
			buildSettings = {
				CODE_SIGN_IDENTITY = "iPhone Developer";
				"CODE_SIGN_IDENTITY[sdk=iphoneos*]" = "iPhone Developer";
				GCC_PRECOMPILE_PREFIX_HEADER = YES;
				GCC_PREFIX_HEADER = "EasyBus/EasyBus-Prefix.pch";
				INFOPLIST_FILE = "EasyBus/EasyBus-Info.plist";
				IPHONEOS_DEPLOYMENT_TARGET = 7.0;
				PRODUCT_NAME = "$(TARGET_NAME)";
				PROVISIONING_PROFILE = "";
				WRAPPER_EXTENSION = app;
			};
			name = Debug;
		};
		14AD3C49162AF00400DF061A /* Release */ = {
			isa = XCBuildConfiguration;
			baseConfigurationReference = 7FF4BCA5FAC64CE0997C79CA /* Pods.xcconfig */;
			buildSettings = {
				CODE_SIGN_IDENTITY = "iPhone Developer";
				"CODE_SIGN_IDENTITY[sdk=iphoneos*]" = "iPhone Developer";
				GCC_PRECOMPILE_PREFIX_HEADER = YES;
				GCC_PREFIX_HEADER = "EasyBus/EasyBus-Prefix.pch";
				INFOPLIST_FILE = "EasyBus/EasyBus-Info.plist";
				IPHONEOS_DEPLOYMENT_TARGET = 7.0;
				PRODUCT_NAME = "$(TARGET_NAME)";
				PROVISIONING_PROFILE = "";
				WRAPPER_EXTENSION = app;
			};
			name = Release;
		};
		14AD3C4B162AF00400DF061A /* Debug */ = {
			isa = XCBuildConfiguration;
			baseConfigurationReference = D421414454514E50A20383E7 /* Pods-EasyBusTests.xcconfig */;
			buildSettings = {
				BUNDLE_LOADER = "$(BUILT_PRODUCTS_DIR)/EasyBus.app/EasyBus";
				FRAMEWORK_SEARCH_PATHS = (
					"$(SDKROOT)/Developer/Library/Frameworks",
					"$(DEVELOPER_LIBRARY_DIR)/Frameworks",
					"$(DEVELOPER_FRAMEWORKS_DIR)",
				);
				GCC_PRECOMPILE_PREFIX_HEADER = YES;
				GCC_PREFIX_HEADER = "EasyBus/EasyBus-Prefix.pch";
				INFOPLIST_FILE = "EasyBusTests/EasyBusTests-Info.plist";
				PRODUCT_NAME = "$(TARGET_NAME)";
				TEST_HOST = "$(BUNDLE_LOADER)";
			};
			name = Debug;
		};
		14AD3C4C162AF00400DF061A /* Release */ = {
			isa = XCBuildConfiguration;
			baseConfigurationReference = D421414454514E50A20383E7 /* Pods-EasyBusTests.xcconfig */;
			buildSettings = {
				BUNDLE_LOADER = "$(BUILT_PRODUCTS_DIR)/EasyBus.app/EasyBus";
				FRAMEWORK_SEARCH_PATHS = (
					"$(SDKROOT)/Developer/Library/Frameworks",
					"$(DEVELOPER_LIBRARY_DIR)/Frameworks",
					"$(DEVELOPER_FRAMEWORKS_DIR)",
				);
				GCC_PRECOMPILE_PREFIX_HEADER = YES;
				GCC_PREFIX_HEADER = "EasyBus/EasyBus-Prefix.pch";
				INFOPLIST_FILE = "EasyBusTests/EasyBusTests-Info.plist";
				PRODUCT_NAME = "$(TARGET_NAME)";
				TEST_HOST = "$(BUNDLE_LOADER)";
			};
			name = Release;
		};
/* End XCBuildConfiguration section */

/* Begin XCConfigurationList section */
		14AD3C05162AF00400DF061A /* Build configuration list for PBXProject "EasyBus" */ = {
			isa = XCConfigurationList;
			buildConfigurations = (
				14AD3C45162AF00400DF061A /* Debug */,
				14AD3C46162AF00400DF061A /* Release */,
			);
			defaultConfigurationIsVisible = 0;
			defaultConfigurationName = Release;
		};
		14AD3C47162AF00400DF061A /* Build configuration list for PBXNativeTarget "EasyBus" */ = {
			isa = XCConfigurationList;
			buildConfigurations = (
				14AD3C48162AF00400DF061A /* Debug */,
				14AD3C49162AF00400DF061A /* Release */,
			);
			defaultConfigurationIsVisible = 0;
			defaultConfigurationName = Release;
		};
		14AD3C4A162AF00400DF061A /* Build configuration list for PBXNativeTarget "EasyBusTests" */ = {
			isa = XCConfigurationList;
			buildConfigurations = (
				14AD3C4B162AF00400DF061A /* Debug */,
				14AD3C4C162AF00400DF061A /* Release */,
			);
			defaultConfigurationIsVisible = 0;
			defaultConfigurationName = Release;
		};
/* End XCConfigurationList section */

/* Begin XCVersionGroup section */
		1405136B17465CD700345B1D /* EasyBus.xcdatamodeld */ = {
			isa = XCVersionGroup;
			children = (
				1405136C17465CD700345B1D /* EasyBus.xcdatamodel */,
			);
			currentVersion = 1405136C17465CD700345B1D /* EasyBus.xcdatamodel */;
			path = EasyBus.xcdatamodeld;
			sourceTree = "<group>";
			versionGroupType = wrapper.xcdatamodel;
		};
/* End XCVersionGroup section */
	};
	rootObject = 14AD3C02162AF00400DF061A /* Project object */;
}
